<?xml version="1.0" encoding="utf-8"?>
<Project ToolsVersion="4.0" xmlns="http://schemas.microsoft.com/developer/msbuild/2003">
  <ItemGroup>
    <ClInclude Include="Cache.h">
      <Filter>Source Files</Filter>
    </ClInclude>
    <ClInclude Include="ClientManager.h">
      <Filter>Source Files</Filter>
    </ClInclude>
    <ClInclude Include="Config.h">
      <Filter>Source Files</Filter>
    </ClInclude>
    <ClInclude Include="CsvReader.h">
      <Filter>Source Files</Filter>
    </ClInclude>
    <ClInclude Include="DBManager.h">
      <Filter>Source Files</Filter>
    </ClInclude>
    <ClInclude Include="GuildManager.h">
      <Filter>Source Files</Filter>
    </ClInclude>
    <ClInclude Include="GuildSafeboxManager.h">
      <Filter>Source Files</Filter>
    </ClInclude>
    <ClInclude Include="ItemAwardManager.h">
      <Filter>Source Files</Filter>
    </ClInclude>
    <ClInclude Include="ItemIDRangeManager.h">
      <Filter>Source Files</Filter>
    </ClInclude>
    <ClInclude Include="LoginData.h">
      <Filter>Source Files</Filter>
    </ClInclude>
    <ClInclude Include="Main.h">
      <Filter>Source Files</Filter>
    </ClInclude>
    <ClInclude Include="Marriage.h">
      <Filter>Source Files</Filter>
    </ClInclude>
    <ClInclude Include="NetBase.h">
      <Filter>Source Files</Filter>
    </ClInclude>
    <ClInclude Include="Peer.h">
      <Filter>Source Files</Filter>
    </ClInclude>
    <ClInclude Include="PeerBase.h">
      <Filter>Source Files</Filter>
    </ClInclude>
    <ClInclude Include="PrivManager.h">
      <Filter>Source Files</Filter>
    </ClInclude>
    <ClInclude Include="ProtoReader.h">
      <Filter>Source Files</Filter>
    </ClInclude>
    <ClInclude Include="QID.h">
      <Filter>Source Files</Filter>
    </ClInclude>
    <ClInclude Include="stdafx.h">
      <Filter>Source Files</Filter>
    </ClInclude>
    <ClInclude Include="protobuf_cg_packets.h">
      <Filter>Source Files\protobuf</Filter>
    </ClInclude>
    <ClInclude Include="protobuf_data.h">
      <Filter>Source Files\protobuf</Filter>
    </ClInclude>
    <ClInclude Include="protobuf_data_item.h">
      <Filter>Source Files\protobuf</Filter>
    </ClInclude>
    <ClInclude Include="protobuf_data_pet.h">
      <Filter>Source Files\protobuf</Filter>
    </ClInclude>
    <ClInclude Include="protobuf_data_player.h">
      <Filter>Source Files\protobuf</Filter>
    </ClInclude>
    <ClInclude Include="protobuf_dg_packets.h">
      <Filter>Source Files\protobuf</Filter>
    </ClInclude>
    <ClInclude Include="protobuf_gc_packets.h">
      <Filter>Source Files\protobuf</Filter>
    </ClInclude>
    <ClInclude Include="protobuf_gd_packets.h">
      <Filter>Source Files\protobuf</Filter>
    </ClInclude>
    <ClInclude Include="protobuf_gg_packets.h">
      <Filter>Source Files\protobuf</Filter>
    </ClInclude>
    <ClInclude Include="headers_basic.hpp">
      <Filter>Source Files\protobuf</Filter>
    </ClInclude>
    <ClInclude Include="headers.hpp">
      <Filter>Source Files\protobuf</Filter>
    </ClInclude>
  </ItemGroup>
  <ItemGroup>
    <ClCompile Include="Cache.cpp">
      <Filter>Source Files</Filter>
    </ClCompile>
    <ClCompile Include="ClientManager.cpp">
      <Filter>Source Files</Filter>
    </ClCompile>
    <ClCompile Include="ClientManagerBoot.cpp">
      <Filter>Source Files</Filter>
    </ClCompile>
    <ClCompile Include="ClientManagerEventFlag.cpp">
      <Filter>Source Files</Filter>
    </ClCompile>
    <ClCompile Include="ClientManagerGuild.cpp">
      <Filter>Source Files</Filter>
    </ClCompile>
    <ClCompile Include="ClientManagerLogin.cpp">
      <Filter>Source Files</Filter>
    </ClCompile>
    <ClCompile Include="ClientManagerParty.cpp">
      <Filter>Source Files</Filter>
    </ClCompile>
    <ClCompile Include="ClientManagerPlayer.cpp">
      <Filter>Source Files</Filter>
    </ClCompile>
    <ClCompile Include="Config.cpp">
      <Filter>Source Files</Filter>
    </ClCompile>
    <ClCompile Include="CsvReader.cpp">
      <Filter>Source Files</Filter>
    </ClCompile>
    <ClCompile Include="DBManager.cpp">
      <Filter>Source Files</Filter>
    </ClCompile>
    <ClCompile Include="GuildManager.cpp">
      <Filter>Source Files</Filter>
    </ClCompile>
    <ClCompile Include="GuildSafeboxManager.cpp">
      <Filter>Source Files</Filter>
    </ClCompile>
    <ClCompile Include="ItemAwardManager.cpp">
      <Filter>Source Files</Filter>
    </ClCompile>
    <ClCompile Include="ItemIDRangeManager.cpp">
      <Filter>Source Files</Filter>
    </ClCompile>
    <ClCompile Include="LoginData.cpp">
      <Filter>Source Files</Filter>
    </ClCompile>
    <ClCompile Include="Main.cpp">
      <Filter>Source Files</Filter>
    </ClCompile>
    <ClCompile Include="Marriage.cpp">
      <Filter>Source Files</Filter>
    </ClCompile>
    <ClCompile Include="NetBase.cpp">
      <Filter>Source Files</Filter>
    </ClCompile>
    <ClCompile Include="Peer.cpp">
      <Filter>Source Files</Filter>
    </ClCompile>
    <ClCompile Include="PeerBase.cpp">
      <Filter>Source Files</Filter>
    </ClCompile>
    <ClCompile Include="PrivManager.cpp">
      <Filter>Source Files</Filter>
    </ClCompile>
    <ClCompile Include="ProtoReader.cpp">
      <Filter>Source Files</Filter>
    </ClCompile>
    <ClCompile Include="protobuf_cg_packets.cpp">
      <Filter>Source Files\protobuf</Filter>
    </ClCompile>
    <ClCompile Include="protobuf_data.cpp">
      <Filter>Source Files\protobuf</Filter>
    </ClCompile>
    <ClCompile Include="protobuf_data_item.cpp">
      <Filter>Source Files\protobuf</Filter>
    </ClCompile>
    <ClCompile Include="protobuf_data_pet.cpp">
      <Filter>Source Files\protobuf</Filter>
    </ClCompile>
    <ClCompile Include="protobuf_data_player.cpp">
      <Filter>Source Files\protobuf</Filter>
    </ClCompile>
    <ClCompile Include="protobuf_dg_packets.cpp">
      <Filter>Source Files\protobuf</Filter>
    </ClCompile>
    <ClCompile Include="protobuf_gc_packets.cpp">
      <Filter>Source Files\protobuf</Filter>
    </ClCompile>
    <ClCompile Include="protobuf_gd_packets.cpp">
      <Filter>Source Files\protobuf</Filter>
    </ClCompile>
    <ClCompile Include="protobuf_gg_packets.cpp">
      <Filter>Source Files\protobuf</Filter>
    </ClCompile>
  </ItemGroup>
  <ItemGroup>
    <Filter Include="Source Files">
      <UniqueIdentifier>{1d9187d8-a6ec-4b77-b9d4-c34e7dba5d67}</UniqueIdentifier>
    </Filter>
    <Filter Include="Source Files\protobuf">
      <UniqueIdentifier>{43c30126-1b1a-43dd-9487-2ba706182cfb}</UniqueIdentifier>
    </Filter>
  </ItemGroup>
</Project>