Microsoft Visual Studio Solution File, Format Version 12.00
# Visual Studio Version 17
VisualStudioVersion = 17.0.32112.339
MinimumVisualStudioVersion = 10.0.40219.1
Project("{8BC9CEB8-8B4A-11D0-8D11-00A0C91BC942}") = "CWebBrowser", "CWebBrowser\CWebBrowser.vcxproj", "{D64AE35F-F982-46D4-8E38-09E5C9752955}"
EndProject
Project("{8BC9CEB8-8B4A-11D0-8D11-00A0C91BC942}") = "EffectLib", "EffectLib\EffectLib.vcxproj", "{790B152D-6582-467F-B767-8603C5A9E613}"
EndProject
Project("{8BC9CEB8-8B4A-11D0-8D11-00A0C91BC942}") = "EterPack", "EterPack\EterPack.vcxproj", "{4950BA04-3877-4F66-BCA0-60E00DE3770B}"
EndProject
Project("{8BC9CEB8-8B4A-11D0-8D11-00A0C91BC942}") = "PRTerrainLib", "PRTerrainLib\PRTerrainLib.vcxproj", "{8B1D0DDE-A521-4EB2-9544-F606376278CC}"
EndProject
Project("{8BC9CEB8-8B4A-11D0-8D11-00A0C91BC942}") = "SpeedTreeLib", "SpeedTreeLib\SpeedTreeLib.vcxproj", "{0FDDD886-1EB5-4655-80C3-EF08087FAEFD}"
EndProject
Project("{8BC9CEB8-8B4A-11D0-8D11-00A0C91BC942}") = "SphereLib", "SphereLib\SphereLib.vcxproj", "{A5D7AF9F-0A4F-4ED3-B209-2553B1ADD17D}"
EndProject
Project("{8BC9CEB8-8B4A-11D0-8D11-00A0C91BC942}") = "UserInterface", "UserInterface\UserInterface.vcxproj", "{F6CEB04C-4403-4CD4-84A2-D6A372BD4334}"
EndProject
Project("{8BC9CEB8-8B4A-11D0-8D11-00A0C91BC942}") = "EterBase", "EterBase\eterBase.vcxproj", "{678C47DC-B3EF-460E-A932-56F3208FC65E}"
EndProject
Project("{8BC9CEB8-8B4A-11D0-8D11-00A0C91BC942}") = "EterGrnLib", "eterGrnLib\eterGrnLib.vcxproj", "{E1FF7630-628F-4AD0-BF66-F14D86A04035}"
EndProject
Project("{8BC9CEB8-8B4A-11D0-8D11-00A0C91BC942}") = "EterImageLib", "eterImageLib\eterImageLib.vcxproj", "{FE95382C-8E3E-40AC-8060-634D1A0D4CF5}"
EndProject
Project("{8BC9CEB8-8B4A-11D0-8D11-00A0C91BC942}") = "EterPythonLib", "eterPythonLib\eterPythonLib.vcxproj", "{24516A87-8544-46A9-A0C8-0A01269642D9}"
EndProject
Project("{8BC9CEB8-8B4A-11D0-8D11-00A0C91BC942}") = "EterLib", "EterLib\eterlib.vcxproj", "{887F89DF-A1A2-47DF-A869-F3FC84704E3E}"
EndProject
Project("{8BC9CEB8-8B4A-11D0-8D11-00A0C91BC942}") = "GameLib", "GameLib\gamelib.vcxproj", "{1801F0ED-7DE6-4175-BF25-6FA98AAA350B}"
EndProject
Project("{8BC9CEB8-8B4A-11D0-8D11-00A0C91BC942}") = "MilesLib", "MilesLib\mileslib.vcxproj", "{9189BA90-1997-4B47-A673-A54C7DF4A4F7}"
EndProject
Project("{8BC9CEB8-8B4A-11D0-8D11-00A0C91BC942}") = "ScriptLib", "scriptLib\scriptLib.vcxproj", "{E682CEA2-1D79-4DE9-A2CE-6AED27E4170E}"
EndProject
Project("{8BC9CEB8-8B4A-11D0-8D11-00A0C91BC942}") = "EterLocale", "EterLocale\EterLocale.vcxproj", "{05207E97-C83A-49C6-8E08-403679963A7B}"
EndProject
Project("{2150E333-8FDC-42A3-9474-1A3956D46DE8}") = "root", "root", "{C728F8DB-F8DE-4DEB-A0FA-2C6AB05486E9}"
	ProjectSection(SolutionItems) = preProject
		..\..\Client\unpacked\root\colorinfo.py = ..\..\Client\unpacked\root\colorinfo.py
		..\..\Client\unpacked\root\constinfo.py = ..\..\Client\unpacked\root\constinfo.py
		..\..\Client\unpacked\root\debuginfo.py = ..\..\Client\unpacked\root\debuginfo.py
		..\..\Client\unpacked\root\dragon_soul_refine_settings.py = ..\..\Client\unpacked\root\dragon_soul_refine_settings.py
		..\..\Client\unpacked\root\emotion.py = ..\..\Client\unpacked\root\emotion.py
		..\..\Client\unpacked\root\exception.py = ..\..\Client\unpacked\root\exception.py
		..\..\Client\unpacked\root\game.py = ..\..\Client\unpacked\root\game.py
		..\..\Client\unpacked\root\inGameWiki.py = ..\..\Client\unpacked\root\inGameWiki.py
		..\..\Client\unpacked\root\inGameWikiUI.py = ..\..\Client\unpacked\root\inGameWikiUI.py
		..\..\Client\unpacked\root\interfacemodule.py = ..\..\Client\unpacked\root\interfacemodule.py
		..\..\Client\unpacked\root\introempire.py = ..\..\Client\unpacked\root\introempire.py
		..\..\Client\unpacked\root\introloading.py = ..\..\Client\unpacked\root\introloading.py
		..\..\Client\unpacked\root\intrologin.py = ..\..\Client\unpacked\root\intrologin.py
		..\..\Client\unpacked\root\localeinfo.py = ..\..\Client\unpacked\root\localeinfo.py
		..\..\Client\unpacked\root\mousemodule.py = ..\..\Client\unpacked\root\mousemodule.py
		..\..\Client\unpacked\root\musicinfo.py = ..\..\Client\unpacked\root\musicinfo.py
		..\..\Client\unpacked\root\networkmodule.py = ..\..\Client\unpacked\root\networkmodule.py
		..\..\Client\unpacked\root\new_introcreate.py = ..\..\Client\unpacked\root\new_introcreate.py
		..\..\Client\unpacked\root\new_introselect.py = ..\..\Client\unpacked\root\new_introselect.py
		..\..\Client\unpacked\root\playersettingmodule.py = ..\..\Client\unpacked\root\playersettingmodule.py
		..\..\Client\unpacked\root\protodata.py = ..\..\Client\unpacked\root\protodata.py
		..\..\Client\unpacked\root\prototype.py = ..\..\Client\unpacked\root\prototype.py
		..\..\Client\unpacked\root\stringcommander.py = ..\..\Client\unpacked\root\stringcommander.py
		..\..\Client\unpacked\root\system.py = ..\..\Client\unpacked\root\system.py
		..\..\Client\unpacked\root\ui.py = ..\..\Client\unpacked\root\ui.py
		..\..\Client\unpacked\root\ui12zirewardwindow.py = ..\..\Client\unpacked\root\ui12zirewardwindow.py
		..\..\Client\unpacked\root\uiAcce.py = ..\..\Client\unpacked\root\uiAcce.py
		..\..\Client\unpacked\root\uiaffectshower.py = ..\..\Client\unpacked\root\uiaffectshower.py
		..\..\Client\unpacked\root\uianimal.py = ..\..\Client\unpacked\root\uianimal.py
		..\..\Client\unpacked\root\uiattachmetin.py = ..\..\Client\unpacked\root\uiattachmetin.py
		..\..\Client\unpacked\root\uiattrtree.py = ..\..\Client\unpacked\root\uiattrtree.py
		..\..\Client\unpacked\root\uiauction.py = ..\..\Client\unpacked\root\uiauction.py
		..\..\Client\unpacked\root\uibasescriptwindow.py = ..\..\Client\unpacked\root\uibasescriptwindow.py
		..\..\Client\unpacked\root\uiBattlePass.py = ..\..\Client\unpacked\root\uiBattlePass.py
		..\..\Client\unpacked\root\uiblackjack.py = ..\..\Client\unpacked\root\uiblackjack.py
		..\..\Client\unpacked\root\uicards.py = ..\..\Client\unpacked\root\uicards.py
		..\..\Client\unpacked\root\uicharacter.py = ..\..\Client\unpacked\root\uicharacter.py
		..\..\Client\unpacked\root\uichat.py = ..\..\Client\unpacked\root\uichat.py
		..\..\Client\unpacked\root\uicombatzone.py = ..\..\Client\unpacked\root\uicombatzone.py
		..\..\Client\unpacked\root\uicommon.py = ..\..\Client\unpacked\root\uicommon.py
		..\..\Client\unpacked\root\uiCostumeBonusTransfer.py = ..\..\Client\unpacked\root\uiCostumeBonusTransfer.py
		..\..\Client\unpacked\root\uicostumeviewer.py = ..\..\Client\unpacked\root\uicostumeviewer.py
		..\..\Client\unpacked\root\uicube.py = ..\..\Client\unpacked\root\uicube.py
		..\..\Client\unpacked\root\uidesignselector.py = ..\..\Client\unpacked\root\uidesignselector.py
		..\..\Client\unpacked\root\uidmgmeter.py = ..\..\Client\unpacked\root\uidmgmeter.py
		..\..\Client\unpacked\root\uidragonlairranking.py = ..\..\Client\unpacked\root\uidragonlairranking.py
		..\..\Client\unpacked\root\uiDragonSoul.py = ..\..\Client\unpacked\root\uiDragonSoul.py
		..\..\Client\unpacked\root\uiequipmentchanger.py = ..\..\Client\unpacked\root\uiequipmentchanger.py
		..\..\Client\unpacked\root\uiequipmentdialog.py = ..\..\Client\unpacked\root\uiequipmentdialog.py
		..\..\Client\unpacked\root\uievent.py = ..\..\Client\unpacked\root\uievent.py
		..\..\Client\unpacked\root\uieventannouncement.py = ..\..\Client\unpacked\root\uieventannouncement.py
		..\..\Client\unpacked\root\uieventicon.py = ..\..\Client\unpacked\root\uieventicon.py
		..\..\Client\unpacked\root\uiex.py = ..\..\Client\unpacked\root\uiex.py
		..\..\Client\unpacked\root\uiexchange.py = ..\..\Client\unpacked\root\uiexchange.py
		..\..\Client\unpacked\root\uifakebuff.py = ..\..\Client\unpacked\root\uifakebuff.py
		..\..\Client\unpacked\root\uiFractionWar.py = ..\..\Client\unpacked\root\uiFractionWar.py
		..\..\Client\unpacked\root\uigamebutton.py = ..\..\Client\unpacked\root\uigamebutton.py
		..\..\Client\unpacked\root\uigameoption.py = ..\..\Client\unpacked\root\uigameoption.py
		..\..\Client\unpacked\root\uigaya.py = ..\..\Client\unpacked\root\uigaya.py
		..\..\Client\unpacked\root\uiguild.py = ..\..\Client\unpacked\root\uiguild.py
		..\..\Client\unpacked\root\uiguildbank.py = ..\..\Client\unpacked\root\uiguildbank.py
		..\..\Client\unpacked\root\uiguildlist.py = ..\..\Client\unpacked\root\uiguildlist.py
		..\..\Client\unpacked\root\uiguildpopup.py = ..\..\Client\unpacked\root\uiguildpopup.py
		..\..\Client\unpacked\root\uihelp.py = ..\..\Client\unpacked\root\uihelp.py
		..\..\Client\unpacked\root\uihorseupgrade.py = ..\..\Client\unpacked\root\uihorseupgrade.py
		..\..\Client\unpacked\root\uihotkey.py = ..\..\Client\unpacked\root\uihotkey.py
		..\..\Client\unpacked\root\uiinventory.py = ..\..\Client\unpacked\root\uiinventory.py
		..\..\Client\unpacked\root\uiitemrefund.py = ..\..\Client\unpacked\root\uiitemrefund.py
		..\..\Client\unpacked\root\uimaintenance.py = ..\..\Client\unpacked\root\uimaintenance.py
		..\..\Client\unpacked\root\uimapnameshower.py = ..\..\Client\unpacked\root\uimapnameshower.py
		..\..\Client\unpacked\root\uimasthp.py = ..\..\Client\unpacked\root\uimasthp.py
		..\..\Client\unpacked\root\uimessenger.py = ..\..\Client\unpacked\root\uimessenger.py
		..\..\Client\unpacked\root\uiminigamefishevent.py = ..\..\Client\unpacked\root\uiminigamefishevent.py
		..\..\Client\unpacked\root\uiminimap.py = ..\..\Client\unpacked\root\uiminimap.py
		..\..\Client\unpacked\root\uimoviemaker.py = ..\..\Client\unpacked\root\uimoviemaker.py
		..\..\Client\unpacked\root\uinewgameoption.py = ..\..\Client\unpacked\root\uinewgameoption.py
		..\..\Client\unpacked\root\uinewtimer.py = ..\..\Client\unpacked\root\uinewtimer.py
		..\..\Client\unpacked\root\uioption.py = ..\..\Client\unpacked\root\uioption.py
		..\..\Client\unpacked\root\uiparty.py = ..\..\Client\unpacked\root\uiparty.py
		..\..\Client\unpacked\root\uipassiveskill.py = ..\..\Client\unpacked\root\uipassiveskill.py
		..\..\Client\unpacked\root\uiphasecurtain.py = ..\..\Client\unpacked\root\uiphasecurtain.py
		..\..\Client\unpacked\root\uipickmoney.py = ..\..\Client\unpacked\root\uipickmoney.py
		..\..\Client\unpacked\root\uiPlantHp.py = ..\..\Client\unpacked\root\uiPlantHp.py
		..\..\Client\unpacked\root\uiplayergauge.py = ..\..\Client\unpacked\root\uiplayergauge.py
		..\..\Client\unpacked\root\uipointreset.py = ..\..\Client\unpacked\root\uipointreset.py
		..\..\Client\unpacked\root\uiprivateshopbuilder.py = ..\..\Client\unpacked\root\uiprivateshopbuilder.py
		..\..\Client\unpacked\root\uiquest.py = ..\..\Client\unpacked\root\uiquest.py
		..\..\Client\unpacked\root\uiQuestTask.py = ..\..\Client\unpacked\root\uiQuestTask.py
		..\..\Client\unpacked\root\uirank.py = ..\..\Client\unpacked\root\uirank.py
		..\..\Client\unpacked\root\uirankingzodiac.py = ..\..\Client\unpacked\root\uirankingzodiac.py
		..\..\Client\unpacked\root\uiReactEvent.py = ..\..\Client\unpacked\root\uiReactEvent.py
		..\..\Client\unpacked\root\uirefine.py = ..\..\Client\unpacked\root\uirefine.py
		..\..\Client\unpacked\root\uirestart.py = ..\..\Client\unpacked\root\uirestart.py
		..\..\Client\unpacked\root\uirune.py = ..\..\Client\unpacked\root\uirune.py
		..\..\Client\unpacked\root\uisafebox.py = ..\..\Client\unpacked\root\uisafebox.py
		..\..\Client\unpacked\root\uiscriptlocale.py = ..\..\Client\unpacked\root\uiscriptlocale.py
		..\..\Client\unpacked\root\uiselectattrremove.py = ..\..\Client\unpacked\root\uiselectattrremove.py
		..\..\Client\unpacked\root\uiselectitem.py = ..\..\Client\unpacked\root\uiselectitem.py
		..\..\Client\unpacked\root\uiselectmetindetach.py = ..\..\Client\unpacked\root\uiselectmetindetach.py
		..\..\Client\unpacked\root\uiselectmusic.py = ..\..\Client\unpacked\root\uiselectmusic.py
		..\..\Client\unpacked\root\uishop.py = ..\..\Client\unpacked\root\uishop.py
		..\..\Client\unpacked\root\uishopsearch.py = ..\..\Client\unpacked\root\uishopsearch.py
		..\..\Client\unpacked\root\uisidebar.py = ..\..\Client\unpacked\root\uisidebar.py
		..\..\Client\unpacked\root\uiskillcolor.py = ..\..\Client\unpacked\root\uiskillcolor.py
		..\..\Client\unpacked\root\uisoulsystem.py = ..\..\Client\unpacked\root\uisoulsystem.py
		..\..\Client\unpacked\root\uisplititem.py = ..\..\Client\unpacked\root\uisplititem.py
		..\..\Client\unpacked\root\uistatsboard.py = ..\..\Client\unpacked\root\uistatsboard.py
		..\..\Client\unpacked\root\uiswitchbot.py = ..\..\Client\unpacked\root\uiswitchbot.py
		..\..\Client\unpacked\root\uiswitchbot2.py = ..\..\Client\unpacked\root\uiswitchbot2.py
		..\..\Client\unpacked\root\uisystem.py = ..\..\Client\unpacked\root\uisystem.py
		..\..\Client\unpacked\root\uisystemannounce.py = ..\..\Client\unpacked\root\uisystemannounce.py
		..\..\Client\unpacked\root\uisystemoption.py = ..\..\Client\unpacked\root\uisystemoption.py
		..\..\Client\unpacked\root\uitarget.py = ..\..\Client\unpacked\root\uitarget.py
		..\..\Client\unpacked\root\uitaskbar.py = ..\..\Client\unpacked\root\uitaskbar.py
		..\..\Client\unpacked\root\uitip.py = ..\..\Client\unpacked\root\uitip.py
		..\..\Client\unpacked\root\uitooltip.py = ..\..\Client\unpacked\root\uitooltip.py
		..\..\Client\unpacked\root\uiuploadmark.py = ..\..\Client\unpacked\root\uiuploadmark.py
		..\..\Client\unpacked\root\uiweb.py = ..\..\Client\unpacked\root\uiweb.py
		..\..\Client\unpacked\root\uiWheelOfFright.py = ..\..\Client\unpacked\root\uiWheelOfFright.py
		..\..\Client\unpacked\root\uiwhisper.py = ..\..\Client\unpacked\root\uiwhisper.py
		..\..\Client\unpacked\root\uixmasevent.py = ..\..\Client\unpacked\root\uixmasevent.py
		..\..\Client\unpacked\root\uizodiac.py = ..\..\Client\unpacked\root\uizodiac.py
		..\..\Client\unpacked\root\uizodiacanimasphere.py = ..\..\Client\unpacked\root\uizodiacanimasphere.py
		..\..\Client\unpacked\root\utils.py = ..\..\Client\unpacked\root\utils.py
	EndProjectSection
EndProject
Project("{2150E333-8FDC-42A3-9474-1A3956D46DE8}") = "locale", "locale", "{514DD06B-F32B-45A4-A1CC-56BC722AEE8F}"
EndProject
Project("{2150E333-8FDC-42A3-9474-1A3956D46DE8}") = "uiscript", "uiscript", "{5A0428A1-18F2-4DE9-AEBE-CB772654E2D3}"
	ProjectSection(SolutionItems) = preProject
		..\..\Client\unpacked\root\uiscript\acceptguildwardialog.py = ..\..\Client\unpacked\root\uiscript\acceptguildwardialog.py
		..\..\Client\unpacked\root\uiscript\Acce_AbsorbWindow.py = ..\..\Client\unpacked\root\uiscript\Acce_AbsorbWindow.py
		..\..\Client\unpacked\root\uiscript\Acce_CombineWindow.py = ..\..\Client\unpacked\root\uiscript\Acce_CombineWindow.py
		..\..\Client\unpacked\root\uiscript\angeldemonselectwindow.py = ..\..\Client\unpacked\root\uiscript\angeldemonselectwindow.py
		..\..\Client\unpacked\root\uiscript\animasphere.py = ..\..\Client\unpacked\root\uiscript\animasphere.py
		..\..\Client\unpacked\root\uiscript\atlaswindow.py = ..\..\Client\unpacked\root\uiscript\atlaswindow.py
		..\..\Client\unpacked\root\uiscript\attachstonedialog.py = ..\..\Client\unpacked\root\uiscript\attachstonedialog.py
		..\..\Client\unpacked\root\uiscript\attrtreerefinewindow.py = ..\..\Client\unpacked\root\uiscript\attrtreerefinewindow.py
		..\..\Client\unpacked\root\uiscript\attrtreewindow.py = ..\..\Client\unpacked\root\uiscript\attrtreewindow.py
		..\..\Client\unpacked\root\uiscript\auctionguestshopwindow.py = ..\..\Client\unpacked\root\uiscript\auctionguestshopwindow.py
		..\..\Client\unpacked\root\uiscript\auctioninformerwindow.py = ..\..\Client\unpacked\root\uiscript\auctioninformerwindow.py
		..\..\Client\unpacked\root\uiscript\auctioninsertwindow.py = ..\..\Client\unpacked\root\uiscript\auctioninsertwindow.py
		..\..\Client\unpacked\root\uiscript\auctionshopwindow.py = ..\..\Client\unpacked\root\uiscript\auctionshopwindow.py
		..\..\Client\unpacked\root\uiscript\auctionshopwindow_visuals.py = ..\..\Client\unpacked\root\uiscript\auctionshopwindow_visuals.py
		..\..\Client\unpacked\root\uiscript\auctionwindow.py = ..\..\Client\unpacked\root\uiscript\auctionwindow.py
		..\..\Client\unpacked\root\uiscript\auctionwindow_listpage.py = ..\..\Client\unpacked\root\uiscript\auctionwindow_listpage.py
		..\..\Client\unpacked\root\uiscript\auctionwindow_registerpage.py = ..\..\Client\unpacked\root\uiscript\auctionwindow_registerpage.py
		..\..\Client\unpacked\root\uiscript\auctionwindow_uniqueauctionpage.py = ..\..\Client\unpacked\root\uiscript\auctionwindow_uniqueauctionpage.py
		..\..\Client\unpacked\root\uiscript\BattlePass.py = ..\..\Client\unpacked\root\uiscript\BattlePass.py
		..\..\Client\unpacked\root\uiscript\blackjack.py = ..\..\Client\unpacked\root\uiscript\blackjack.py
		..\..\Client\unpacked\root\uiscript\buildguildbuildingwindow.py = ..\..\Client\unpacked\root\uiscript\buildguildbuildingwindow.py
		..\..\Client\unpacked\root\uiscript\changegradenamedialog.py = ..\..\Client\unpacked\root\uiscript\changegradenamedialog.py
		..\..\Client\unpacked\root\uiscript\changepassworddialog.py = ..\..\Client\unpacked\root\uiscript\changepassworddialog.py
		..\..\Client\unpacked\root\uiscript\characterwindow.py = ..\..\Client\unpacked\root\uiscript\characterwindow.py
		..\..\Client\unpacked\root\uiscript\ChooseFractionWindow.py = ..\..\Client\unpacked\root\uiscript\ChooseFractionWindow.py
		..\..\Client\unpacked\root\uiscript\combatzonewindow.py = ..\..\Client\unpacked\root\uiscript\combatzonewindow.py
		..\..\Client\unpacked\root\uiscript\combinedcostumewindow.py = ..\..\Client\unpacked\root\uiscript\combinedcostumewindow.py
		..\..\Client\unpacked\root\uiscript\connectingdialog.py = ..\..\Client\unpacked\root\uiscript\connectingdialog.py
		..\..\Client\unpacked\root\uiscript\CostumeBonusTransferWindow.py = ..\..\Client\unpacked\root\uiscript\CostumeBonusTransferWindow.py
		..\..\Client\unpacked\root\uiscript\costumewindow.py = ..\..\Client\unpacked\root\uiscript\costumewindow.py
		..\..\Client\unpacked\root\uiscript\costumewindow_new.py = ..\..\Client\unpacked\root\uiscript\costumewindow_new.py
		..\..\Client\unpacked\root\uiscript\cuberesultwindow.py = ..\..\Client\unpacked\root\uiscript\cuberesultwindow.py
		..\..\Client\unpacked\root\uiscript\cubewindow.py = ..\..\Client\unpacked\root\uiscript\cubewindow.py
		..\..\Client\unpacked\root\uiscript\declareguildwardialog.py = ..\..\Client\unpacked\root\uiscript\declareguildwardialog.py
		..\..\Client\unpacked\root\uiscript\declareguildwarselectdialog.py = ..\..\Client\unpacked\root\uiscript\declareguildwarselectdialog.py
		..\..\Client\unpacked\root\uiscript\dragonsoulrefinewindow.py = ..\..\Client\unpacked\root\uiscript\dragonsoulrefinewindow.py
		..\..\Client\unpacked\root\uiscript\dragonsoulwindow.py = ..\..\Client\unpacked\root\uiscript\dragonsoulwindow.py
		..\..\Client\unpacked\root\uiscript\equipmentchanger.py = ..\..\Client\unpacked\root\uiscript\equipmentchanger.py
		..\..\Client\unpacked\root\uiscript\equipmentdialog.py = ..\..\Client\unpacked\root\uiscript\equipmentdialog.py
		..\..\Client\unpacked\root\uiscript\equipmentpagewindow.py = ..\..\Client\unpacked\root\uiscript\equipmentpagewindow.py
		..\..\Client\unpacked\root\uiscript\eventannouncement.py = ..\..\Client\unpacked\root\uiscript\eventannouncement.py
		..\..\Client\unpacked\root\uiscript\eventjoindialog.py = ..\..\Client\unpacked\root\uiscript\eventjoindialog.py
		..\..\Client\unpacked\root\uiscript\exchangedialog.py = ..\..\Client\unpacked\root\uiscript\exchangedialog.py
		..\..\Client\unpacked\root\uiscript\FactionWindow.py = ..\..\Client\unpacked\root\uiscript\FactionWindow.py
		..\..\Client\unpacked\root\uiscript\fakebuffskillwindow.py = ..\..\Client\unpacked\root\uiscript\fakebuffskillwindow.py
		..\..\Client\unpacked\root\uiscript\fishingwindow.py = ..\..\Client\unpacked\root\uiscript\fishingwindow.py
		..\..\Client\unpacked\root\uiscript\FractionWindow.py = ..\..\Client\unpacked\root\uiscript\FractionWindow.py
		..\..\Client\unpacked\root\uiscript\gameoptiondialog.py = ..\..\Client\unpacked\root\uiscript\gameoptiondialog.py
		..\..\Client\unpacked\root\uiscript\gameoptiondialognew.py = ..\..\Client\unpacked\root\uiscript\gameoptiondialognew.py
		..\..\Client\unpacked\root\uiscript\gamewindow.py = ..\..\Client\unpacked\root\uiscript\gamewindow.py
		..\..\Client\unpacked\root\uiscript\gayashopwindow.py = ..\..\Client\unpacked\root\uiscript\gayashopwindow.py
		..\..\Client\unpacked\root\uiscript\guildlanddealdialog.py = ..\..\Client\unpacked\root\uiscript\guildlanddealdialog.py
		..\..\Client\unpacked\root\uiscript\guildlanddealvotedialog.py = ..\..\Client\unpacked\root\uiscript\guildlanddealvotedialog.py
		..\..\Client\unpacked\root\uiscript\guildpopupdialog.py = ..\..\Client\unpacked\root\uiscript\guildpopupdialog.py
		..\..\Client\unpacked\root\uiscript\guildresultpopupdialog.py = ..\..\Client\unpacked\root\uiscript\guildresultpopupdialog.py
		..\..\Client\unpacked\root\uiscript\guildsafeboxlogwindow.py = ..\..\Client\unpacked\root\uiscript\guildsafeboxlogwindow.py
		..\..\Client\unpacked\root\uiscript\guildsafeboxmoneypickwindow.py = ..\..\Client\unpacked\root\uiscript\guildsafeboxmoneypickwindow.py
		..\..\Client\unpacked\root\uiscript\guildsafeboxwindow.py = ..\..\Client\unpacked\root\uiscript\guildsafeboxwindow.py
		..\..\Client\unpacked\root\uiscript\guildvotepopupdialog.py = ..\..\Client\unpacked\root\uiscript\guildvotepopupdialog.py
		..\..\Client\unpacked\root\uiscript\guildvotepopupdialog2.py = ..\..\Client\unpacked\root\uiscript\guildvotepopupdialog2.py
		..\..\Client\unpacked\root\uiscript\guildwindow.py = ..\..\Client\unpacked\root\uiscript\guildwindow.py
		..\..\Client\unpacked\root\uiscript\guildwindow_baseinfopage.py = ..\..\Client\unpacked\root\uiscript\guildwindow_baseinfopage.py
		..\..\Client\unpacked\root\uiscript\guildwindow_boardpage.py = ..\..\Client\unpacked\root\uiscript\guildwindow_boardpage.py
		..\..\Client\unpacked\root\uiscript\guildwindow_gradepage.py = ..\..\Client\unpacked\root\uiscript\guildwindow_gradepage.py
		..\..\Client\unpacked\root\uiscript\guildwindow_guildbank.py = ..\..\Client\unpacked\root\uiscript\guildwindow_guildbank.py
		..\..\Client\unpacked\root\uiscript\guildwindow_guildbanklog.py = ..\..\Client\unpacked\root\uiscript\guildwindow_guildbanklog.py
		..\..\Client\unpacked\root\uiscript\guildwindow_guilddragonlairranking.py = ..\..\Client\unpacked\root\uiscript\guildwindow_guilddragonlairranking.py
		..\..\Client\unpacked\root\uiscript\guildwindow_guildinfopage.py = ..\..\Client\unpacked\root\uiscript\guildwindow_guildinfopage.py
		..\..\Client\unpacked\root\uiscript\guildwindow_guildinfopage_eu.py = ..\..\Client\unpacked\root\uiscript\guildwindow_guildinfopage_eu.py
		..\..\Client\unpacked\root\uiscript\guildwindow_guildlistwindow.py = ..\..\Client\unpacked\root\uiscript\guildwindow_guildlistwindow.py
		..\..\Client\unpacked\root\uiscript\guildwindow_guildskillpage.py = ..\..\Client\unpacked\root\uiscript\guildwindow_guildskillpage.py
		..\..\Client\unpacked\root\uiscript\guildwindow_memberpage.py = ..\..\Client\unpacked\root\uiscript\guildwindow_memberpage.py
		..\..\Client\unpacked\root\uiscript\guildwindow_warscoreboard.py = ..\..\Client\unpacked\root\uiscript\guildwindow_warscoreboard.py
		..\..\Client\unpacked\root\uiscript\helpwindow.py = ..\..\Client\unpacked\root\uiscript\helpwindow.py
		..\..\Client\unpacked\root\uiscript\helpwindow2.py = ..\..\Client\unpacked\root\uiscript\helpwindow2.py
		..\..\Client\unpacked\root\uiscript\horseupgradewindow.py = ..\..\Client\unpacked\root\uiscript\horseupgradewindow.py
		..\..\Client\unpacked\root\uiscript\hotkeywindow.py = ..\..\Client\unpacked\root\uiscript\hotkeywindow.py
		..\..\Client\unpacked\root\uiscript\inputdialog.py = ..\..\Client\unpacked\root\uiscript\inputdialog.py
		..\..\Client\unpacked\root\uiscript\inputdialogmultilinedescription.py = ..\..\Client\unpacked\root\uiscript\inputdialogmultilinedescription.py
		..\..\Client\unpacked\root\uiscript\inputdialogwithdescription.py = ..\..\Client\unpacked\root\uiscript\inputdialogwithdescription.py
		..\..\Client\unpacked\root\uiscript\inputdialogwithdescription2.py = ..\..\Client\unpacked\root\uiscript\inputdialogwithdescription2.py
		..\..\Client\unpacked\root\uiscript\inventorywindow.py = ..\..\Client\unpacked\root\uiscript\inventorywindow.py
		..\..\Client\unpacked\root\uiscript\jigsawiconwindow.py = ..\..\Client\unpacked\root\uiscript\jigsawiconwindow.py
		..\..\Client\unpacked\root\uiscript\loadingwindow.py = ..\..\Client\unpacked\root\uiscript\loadingwindow.py
		..\..\Client\unpacked\root\uiscript\loginwindow.py = ..\..\Client\unpacked\root\uiscript\loginwindow.py
		..\..\Client\unpacked\root\uiscript\loginwindow_s2.py = ..\..\Client\unpacked\root\uiscript\loginwindow_s2.py
		..\..\Client\unpacked\root\uiscript\maintenancewindow.py = ..\..\Client\unpacked\root\uiscript\maintenancewindow.py
		..\..\Client\unpacked\root\uiscript\mallwindow.py = ..\..\Client\unpacked\root\uiscript\mallwindow.py
		..\..\Client\unpacked\root\uiscript\marklistwindow.py = ..\..\Client\unpacked\root\uiscript\marklistwindow.py
		..\..\Client\unpacked\root\uiscript\messengerwindow.py = ..\..\Client\unpacked\root\uiscript\messengerwindow.py
		..\..\Client\unpacked\root\uiscript\minigamedialog.py = ..\..\Client\unpacked\root\uiscript\minigamedialog.py
		..\..\Client\unpacked\root\uiscript\minigamefisheventwaitingpage.py = ..\..\Client\unpacked\root\uiscript\minigamefisheventwaitingpage.py
		..\..\Client\unpacked\root\uiscript\minigamefishgamepage.py = ..\..\Client\unpacked\root\uiscript\minigamefishgamepage.py
		..\..\Client\unpacked\root\uiscript\minigamerumigamepage.py = ..\..\Client\unpacked\root\uiscript\minigamerumigamepage.py
		..\..\Client\unpacked\root\uiscript\minigamerumiwaitingpage.py = ..\..\Client\unpacked\root\uiscript\minigamerumiwaitingpage.py
		..\..\Client\unpacked\root\uiscript\minigamewindow.py = ..\..\Client\unpacked\root\uiscript\minigamewindow.py
		..\..\Client\unpacked\root\uiscript\minimap.py = ..\..\Client\unpacked\root\uiscript\minimap.py
		..\..\Client\unpacked\root\uiscript\moneyinputdialog.py = ..\..\Client\unpacked\root\uiscript\moneyinputdialog.py
		..\..\Client\unpacked\root\uiscript\mountwindow.py = ..\..\Client\unpacked\root\uiscript\mountwindow.py
		..\..\Client\unpacked\root\uiscript\mousebuttonwindow.py = ..\..\Client\unpacked\root\uiscript\mousebuttonwindow.py
		..\..\Client\unpacked\root\uiscript\movechanneldialog.py = ..\..\Client\unpacked\root\uiscript\movechanneldialog.py
		..\..\Client\unpacked\root\uiscript\moviemaker.py = ..\..\Client\unpacked\root\uiscript\moviemaker.py
		..\..\Client\unpacked\root\uiscript\musiclistwindow.py = ..\..\Client\unpacked\root\uiscript\musiclistwindow.py
		..\..\Client\unpacked\root\uiscript\newgameoptiondialog.py = ..\..\Client\unpacked\root\uiscript\newgameoptiondialog.py
		..\..\Client\unpacked\root\uiscript\newofflineshopwindow_selldialog.py = ..\..\Client\unpacked\root\uiscript\newofflineshopwindow_selldialog.py
		..\..\Client\unpacked\root\uiscript\new_createcharacterwindow.py = ..\..\Client\unpacked\root\uiscript\new_createcharacterwindow.py
		..\..\Client\unpacked\root\uiscript\new_selectcharacterwindow.py = ..\..\Client\unpacked\root\uiscript\new_selectcharacterwindow.py
		..\..\Client\unpacked\root\uiscript\partymemberinfoboard.py = ..\..\Client\unpacked\root\uiscript\partymemberinfoboard.py
		..\..\Client\unpacked\root\uiscript\passworddialog.py = ..\..\Client\unpacked\root\uiscript\passworddialog.py
		..\..\Client\unpacked\root\uiscript\petwindow.py = ..\..\Client\unpacked\root\uiscript\petwindow.py
		..\..\Client\unpacked\root\uiscript\pickmoneydialog.py = ..\..\Client\unpacked\root\uiscript\pickmoneydialog.py
		..\..\Client\unpacked\root\uiscript\pickupoption.py = ..\..\Client\unpacked\root\uiscript\pickupoption.py
		..\..\Client\unpacked\root\uiscript\popupdialog.py = ..\..\Client\unpacked\root\uiscript\popupdialog.py
		..\..\Client\unpacked\root\uiscript\privateshopbuilder.py = ..\..\Client\unpacked\root\uiscript\privateshopbuilder.py
		..\..\Client\unpacked\root\uiscript\privateshopbuildernew.py = ..\..\Client\unpacked\root\uiscript\privateshopbuildernew.py
		..\..\Client\unpacked\root\uiscript\questdialog.py = ..\..\Client\unpacked\root\uiscript\questdialog.py
		..\..\Client\unpacked\root\uiscript\questiondialog.py = ..\..\Client\unpacked\root\uiscript\questiondialog.py
		..\..\Client\unpacked\root\uiscript\questiondialog2.py = ..\..\Client\unpacked\root\uiscript\questiondialog2.py
		..\..\Client\unpacked\root\uiscript\questiondialog3.py = ..\..\Client\unpacked\root\uiscript\questiondialog3.py
		..\..\Client\unpacked\root\uiscript\questiondialogmultiline.py = ..\..\Client\unpacked\root\uiscript\questiondialogmultiline.py
		..\..\Client\unpacked\root\uiscript\questiondialogwithdescription.py = ..\..\Client\unpacked\root\uiscript\questiondialogwithdescription.py
		..\..\Client\unpacked\root\uiscript\rankingzodiac.py = ..\..\Client\unpacked\root\uiscript\rankingzodiac.py
		..\..\Client\unpacked\root\uiscript\rankwindow.py = ..\..\Client\unpacked\root\uiscript\rankwindow.py
		..\..\Client\unpacked\root\uiscript\reactevent.py = ..\..\Client\unpacked\root\uiscript\reactevent.py
		..\..\Client\unpacked\root\uiscript\refinedialog.py = ..\..\Client\unpacked\root\uiscript\refinedialog.py
		..\..\Client\unpacked\root\uiscript\restartdialog.py = ..\..\Client\unpacked\root\uiscript\restartdialog.py
		..\..\Client\unpacked\root\uiscript\rightmousebuttonwindow.py = ..\..\Client\unpacked\root\uiscript\rightmousebuttonwindow.py
		..\..\Client\unpacked\root\uiscript\safeboxwindow.py = ..\..\Client\unpacked\root\uiscript\safeboxwindow.py
		..\..\Client\unpacked\root\uiscript\selectattrremovewindow.py = ..\..\Client\unpacked\root\uiscript\selectattrremovewindow.py
		..\..\Client\unpacked\root\uiscript\selectempirewindow.py = ..\..\Client\unpacked\root\uiscript\selectempirewindow.py
		..\..\Client\unpacked\root\uiscript\selectitemwindow.py = ..\..\Client\unpacked\root\uiscript\selectitemwindow.py
		..\..\Client\unpacked\root\uiscript\selectmetindetachwindow.py = ..\..\Client\unpacked\root\uiscript\selectmetindetachwindow.py
		..\..\Client\unpacked\root\uiscript\shiningwindow.py = ..\..\Client\unpacked\root\uiscript\shiningwindow.py
		..\..\Client\unpacked\root\uiscript\shopdialog.py = ..\..\Client\unpacked\root\uiscript\shopdialog.py
		..\..\Client\unpacked\root\uiscript\shopsearchwindow.py = ..\..\Client\unpacked\root\uiscript\shopsearchwindow.py
		..\..\Client\unpacked\root\uiscript\shopsellnotification.py = ..\..\Client\unpacked\root\uiscript\shopsellnotification.py
		..\..\Client\unpacked\root\uiscript\skillbookinventorywindow.py = ..\..\Client\unpacked\root\uiscript\skillbookinventorywindow.py
		..\..\Client\unpacked\root\uiscript\skillcolorwindow.py = ..\..\Client\unpacked\root\uiscript\skillcolorwindow.py
		..\..\Client\unpacked\root\uiscript\skillpointresetdialog.py = ..\..\Client\unpacked\root\uiscript\skillpointresetdialog.py
		..\..\Client\unpacked\root\uiscript\skinsystemwindow.py = ..\..\Client\unpacked\root\uiscript\skinsystemwindow.py
		..\..\Client\unpacked\root\uiscript\SplitItemDialog.py = ..\..\Client\unpacked\root\uiscript\SplitItemDialog.py
		..\..\Client\unpacked\root\uiscript\switchbotwindow.py = ..\..\Client\unpacked\root\uiscript\switchbotwindow.py
		..\..\Client\unpacked\root\uiscript\systemdialog.py = ..\..\Client\unpacked\root\uiscript\systemdialog.py
		..\..\Client\unpacked\root\uiscript\systemdialog_formall.py = ..\..\Client\unpacked\root\uiscript\systemdialog_formall.py
		..\..\Client\unpacked\root\uiscript\systemoptiondialog.py = ..\..\Client\unpacked\root\uiscript\systemoptiondialog.py
		..\..\Client\unpacked\root\uiscript\taskbar.py = ..\..\Client\unpacked\root\uiscript\taskbar.py
		..\..\Client\unpacked\root\uiscript\taskbar_gold.py = ..\..\Client\unpacked\root\uiscript\taskbar_gold.py
		..\..\Client\unpacked\root\uiscript\taskbar_noshop.py = ..\..\Client\unpacked\root\uiscript\taskbar_noshop.py
		..\..\Client\unpacked\root\uiscript\uniquepopupdialog.py = ..\..\Client\unpacked\root\uiscript\uniquepopupdialog.py
		..\..\Client\unpacked\root\uiscript\webloadingwindow.py = ..\..\Client\unpacked\root\uiscript\webloadingwindow.py
		..\..\Client\unpacked\root\uiscript\webwindow.py = ..\..\Client\unpacked\root\uiscript\webwindow.py
		..\..\Client\unpacked\root\uiscript\WheelOfFright.py = ..\..\Client\unpacked\root\uiscript\WheelOfFright.py
		..\..\Client\unpacked\root\uiscript\whisperdialog.py = ..\..\Client\unpacked\root\uiscript\whisperdialog.py
		..\..\Client\unpacked\root\uiscript\xmasevent.py = ..\..\Client\unpacked\root\uiscript\xmasevent.py
		..\..\Client\unpacked\root\uiscript\zirewardwindow.py = ..\..\Client\unpacked\root\uiscript\zirewardwindow.py
		..\..\Client\unpacked\root\uiscript\zodiac.py = ..\..\Client\unpacked\root\uiscript\zodiac.py
	EndProjectSection
EndProject
Project("{2150E333-8FDC-42A3-9474-1A3956D46DE8}") = "DE", "DE", "{37CC303C-D10C-4290-B9A3-A759D1974699}"
	ProjectSection(SolutionItems) = preProject
		..\..\Client\unpacked\locale\de\locale_game.txt = ..\..\Client\unpacked\locale\de\locale_game.txt
		..\..\Client\unpacked\locale\de\locale_interface.txt = ..\..\Client\unpacked\locale\de\locale_interface.txt
	EndProjectSection
EndProject
Global
	GlobalSection(SolutionConfigurationPlatforms) = preSolution
		Debug|Win32 = Debug|Win32
		Debug|x64 = Debug|x64
		Distribute_Aeldra|Win32 = Distribute_Aeldra|Win32
		Distribute_Aeldra|x64 = Distribute_Aeldra|x64
		Distribute_Elonia|Win32 = Distribute_Elonia|Win32
		Distribute_Elonia|x64 = Distribute_Elonia|x64
		DLL-Import Debug|Win32 = DLL-Import Debug|Win32
		DLL-Import Debug|x64 = DLL-Import Debug|x64
		DLL-Import Release|Win32 = DLL-Import Release|Win32
		DLL-Import Release|x64 = DLL-Import Release|x64
		MfcDebug|Win32 = MfcDebug|Win32
		MfcDebug|x64 = MfcDebug|x64
		MfcRelease|Win32 = MfcRelease|Win32
		MfcRelease|x64 = MfcRelease|x64
		Release|Win32 = Release|Win32
		Release|x64 = Release|x64
	EndGlobalSection
	GlobalSection(ProjectConfigurationPlatforms) = postSolution
		{D64AE35F-F982-46D4-8E38-09E5C9752955}.Debug|Win32.ActiveCfg = Debug|Win32
		{D64AE35F-F982-46D4-8E38-09E5C9752955}.Debug|Win32.Build.0 = Debug|Win32
		{D64AE35F-F982-46D4-8E38-09E5C9752955}.Debug|x64.ActiveCfg = Debug|Win32
		{D64AE35F-F982-46D4-8E38-09E5C9752955}.Distribute_Aeldra|Win32.ActiveCfg = Distribute_Aeldra|Win32
		{D64AE35F-F982-46D4-8E38-09E5C9752955}.Distribute_Aeldra|Win32.Build.0 = Distribute_Aeldra|Win32
		{D64AE35F-F982-46D4-8E38-09E5C9752955}.Distribute_Aeldra|x64.ActiveCfg = Distribute_Aeldra|Win32
		{D64AE35F-F982-46D4-8E38-09E5C9752955}.Distribute_Aeldra|x64.Build.0 = Distribute_Aeldra|Win32
		{D64AE35F-F982-46D4-8E38-09E5C9752955}.Distribute_Elonia|Win32.ActiveCfg = Distribute_Elonia|Win32
		{D64AE35F-F982-46D4-8E38-09E5C9752955}.Distribute_Elonia|Win32.Build.0 = Distribute_Elonia|Win32
		{D64AE35F-F982-46D4-8E38-09E5C9752955}.Distribute_Elonia|x64.ActiveCfg = Distribute_Elonia|Win32
		{D64AE35F-F982-46D4-8E38-09E5C9752955}.Distribute_Elonia|x64.Build.0 = Distribute_Elonia|Win32
		{D64AE35F-F982-46D4-8E38-09E5C9752955}.DLL-Import Debug|Win32.ActiveCfg = Debug|Win32
		{D64AE35F-F982-46D4-8E38-09E5C9752955}.DLL-Import Debug|Win32.Build.0 = Debug|Win32
		{D64AE35F-F982-46D4-8E38-09E5C9752955}.DLL-Import Debug|x64.ActiveCfg = Debug|Win32
		{D64AE35F-F982-46D4-8E38-09E5C9752955}.DLL-Import Release|Win32.ActiveCfg = Release|Win32
		{D64AE35F-F982-46D4-8E38-09E5C9752955}.DLL-Import Release|Win32.Build.0 = Release|Win32
		{D64AE35F-F982-46D4-8E38-09E5C9752955}.DLL-Import Release|x64.ActiveCfg = Release|Win32
		{D64AE35F-F982-46D4-8E38-09E5C9752955}.MfcDebug|Win32.ActiveCfg = Debug|Win32
		{D64AE35F-F982-46D4-8E38-09E5C9752955}.MfcDebug|Win32.Build.0 = Debug|Win32
		{D64AE35F-F982-46D4-8E38-09E5C9752955}.MfcDebug|x64.ActiveCfg = Debug|Win32
		{D64AE35F-F982-46D4-8E38-09E5C9752955}.MfcRelease|Win32.ActiveCfg = Release|Win32
		{D64AE35F-F982-46D4-8E38-09E5C9752955}.MfcRelease|Win32.Build.0 = Release|Win32
		{D64AE35F-F982-46D4-8E38-09E5C9752955}.MfcRelease|x64.ActiveCfg = Release|Win32
		{D64AE35F-F982-46D4-8E38-09E5C9752955}.Release|Win32.ActiveCfg = Release|Win32
		{D64AE35F-F982-46D4-8E38-09E5C9752955}.Release|Win32.Build.0 = Release|Win32
		{D64AE35F-F982-46D4-8E38-09E5C9752955}.Release|x64.ActiveCfg = Release|Win32
		{D64AE35F-F982-46D4-8E38-09E5C9752955}.Release|x64.Build.0 = Release|Win32
		{790B152D-6582-467F-B767-8603C5A9E613}.Debug|Win32.ActiveCfg = Debug|Win32
		{790B152D-6582-467F-B767-8603C5A9E613}.Debug|Win32.Build.0 = Debug|Win32
		{790B152D-6582-467F-B767-8603C5A9E613}.Debug|x64.ActiveCfg = Debug|Win32
		{790B152D-6582-467F-B767-8603C5A9E613}.Distribute_Aeldra|Win32.ActiveCfg = Distribute_Aeldra|Win32
		{790B152D-6582-467F-B767-8603C5A9E613}.Distribute_Aeldra|Win32.Build.0 = Distribute_Aeldra|Win32
		{790B152D-6582-467F-B767-8603C5A9E613}.Distribute_Aeldra|x64.ActiveCfg = Distribute_Aeldra|Win32
		{790B152D-6582-467F-B767-8603C5A9E613}.Distribute_Aeldra|x64.Build.0 = Distribute_Aeldra|Win32
		{790B152D-6582-467F-B767-8603C5A9E613}.Distribute_Elonia|Win32.ActiveCfg = Distribute_Elonia|Win32
		{790B152D-6582-467F-B767-8603C5A9E613}.Distribute_Elonia|Win32.Build.0 = Distribute_Elonia|Win32
		{790B152D-6582-467F-B767-8603C5A9E613}.Distribute_Elonia|x64.ActiveCfg = Distribute_Elonia|Win32
		{790B152D-6582-467F-B767-8603C5A9E613}.Distribute_Elonia|x64.Build.0 = Distribute_Elonia|Win32
		{790B152D-6582-467F-B767-8603C5A9E613}.DLL-Import Debug|Win32.ActiveCfg = Debug|Win32
		{790B152D-6582-467F-B767-8603C5A9E613}.DLL-Import Debug|Win32.Build.0 = Debug|Win32
		{790B152D-6582-467F-B767-8603C5A9E613}.DLL-Import Debug|x64.ActiveCfg = Debug|Win32
		{790B152D-6582-467F-B767-8603C5A9E613}.DLL-Import Release|Win32.ActiveCfg = Release|Win32
		{790B152D-6582-467F-B767-8603C5A9E613}.DLL-Import Release|Win32.Build.0 = Release|Win32
		{790B152D-6582-467F-B767-8603C5A9E613}.DLL-Import Release|x64.ActiveCfg = Release|Win32
		{790B152D-6582-467F-B767-8603C5A9E613}.MfcDebug|Win32.ActiveCfg = MfcDebug|Win32
		{790B152D-6582-467F-B767-8603C5A9E613}.MfcDebug|Win32.Build.0 = MfcDebug|Win32
		{790B152D-6582-467F-B767-8603C5A9E613}.MfcDebug|x64.ActiveCfg = MfcDebug|Win32
		{790B152D-6582-467F-B767-8603C5A9E613}.MfcRelease|Win32.ActiveCfg = MfcRelease|Win32
		{790B152D-6582-467F-B767-8603C5A9E613}.MfcRelease|Win32.Build.0 = MfcRelease|Win32
		{790B152D-6582-467F-B767-8603C5A9E613}.MfcRelease|x64.ActiveCfg = MfcRelease|Win32
		{790B152D-6582-467F-B767-8603C5A9E613}.Release|Win32.ActiveCfg = Release|Win32
		{790B152D-6582-467F-B767-8603C5A9E613}.Release|Win32.Build.0 = Release|Win32
		{790B152D-6582-467F-B767-8603C5A9E613}.Release|x64.ActiveCfg = Release|Win32
		{790B152D-6582-467F-B767-8603C5A9E613}.Release|x64.Build.0 = Release|Win32
		{4950BA04-3877-4F66-BCA0-60E00DE3770B}.Debug|Win32.ActiveCfg = Debug|Win32
		{4950BA04-3877-4F66-BCA0-60E00DE3770B}.Debug|Win32.Build.0 = Debug|Win32
		{4950BA04-3877-4F66-BCA0-60E00DE3770B}.Debug|x64.ActiveCfg = Debug|Win32
		{4950BA04-3877-4F66-BCA0-60E00DE3770B}.Distribute_Aeldra|Win32.ActiveCfg = Distribute_Aeldra|Win32
		{4950BA04-3877-4F66-BCA0-60E00DE3770B}.Distribute_Aeldra|Win32.Build.0 = Distribute_Aeldra|Win32
		{4950BA04-3877-4F66-BCA0-60E00DE3770B}.Distribute_Aeldra|x64.ActiveCfg = Distribute_Aeldra|Win32
		{4950BA04-3877-4F66-BCA0-60E00DE3770B}.Distribute_Aeldra|x64.Build.0 = Distribute_Aeldra|Win32
		{4950BA04-3877-4F66-BCA0-60E00DE3770B}.Distribute_Elonia|Win32.ActiveCfg = Distribute_Elonia|Win32
		{4950BA04-3877-4F66-BCA0-60E00DE3770B}.Distribute_Elonia|Win32.Build.0 = Distribute_Elonia|Win32
		{4950BA04-3877-4F66-BCA0-60E00DE3770B}.Distribute_Elonia|x64.ActiveCfg = Distribute_Elonia|Win32
		{4950BA04-3877-4F66-BCA0-60E00DE3770B}.Distribute_Elonia|x64.Build.0 = Distribute_Elonia|Win32
		{4950BA04-3877-4F66-BCA0-60E00DE3770B}.DLL-Import Debug|Win32.ActiveCfg = Debug|Win32
		{4950BA04-3877-4F66-BCA0-60E00DE3770B}.DLL-Import Debug|Win32.Build.0 = Debug|Win32
		{4950BA04-3877-4F66-BCA0-60E00DE3770B}.DLL-Import Debug|x64.ActiveCfg = Debug|Win32
		{4950BA04-3877-4F66-BCA0-60E00DE3770B}.DLL-Import Release|Win32.ActiveCfg = Release|Win32
		{4950BA04-3877-4F66-BCA0-60E00DE3770B}.DLL-Import Release|Win32.Build.0 = Release|Win32
		{4950BA04-3877-4F66-BCA0-60E00DE3770B}.DLL-Import Release|x64.ActiveCfg = Release|Win32
		{4950BA04-3877-4F66-BCA0-60E00DE3770B}.MfcDebug|Win32.ActiveCfg = MfcDebug|Win32
		{4950BA04-3877-4F66-BCA0-60E00DE3770B}.MfcDebug|Win32.Build.0 = MfcDebug|Win32
		{4950BA04-3877-4F66-BCA0-60E00DE3770B}.MfcDebug|x64.ActiveCfg = MfcDebug|Win32
		{4950BA04-3877-4F66-BCA0-60E00DE3770B}.MfcRelease|Win32.ActiveCfg = MfcRelease|Win32
		{4950BA04-3877-4F66-BCA0-60E00DE3770B}.MfcRelease|Win32.Build.0 = MfcRelease|Win32
		{4950BA04-3877-4F66-BCA0-60E00DE3770B}.MfcRelease|x64.ActiveCfg = MfcRelease|Win32
		{4950BA04-3877-4F66-BCA0-60E00DE3770B}.Release|Win32.ActiveCfg = Release|Win32
		{4950BA04-3877-4F66-BCA0-60E00DE3770B}.Release|Win32.Build.0 = Release|Win32
		{4950BA04-3877-4F66-BCA0-60E00DE3770B}.Release|x64.ActiveCfg = Release|Win32
		{4950BA04-3877-4F66-BCA0-60E00DE3770B}.Release|x64.Build.0 = Release|Win32
		{8B1D0DDE-A521-4EB2-9544-F606376278CC}.Debug|Win32.ActiveCfg = Debug|Win32
		{8B1D0DDE-A521-4EB2-9544-F606376278CC}.Debug|Win32.Build.0 = Debug|Win32
		{8B1D0DDE-A521-4EB2-9544-F606376278CC}.Debug|x64.ActiveCfg = Debug|Win32
		{8B1D0DDE-A521-4EB2-9544-F606376278CC}.Distribute_Aeldra|Win32.ActiveCfg = Distribute_Aeldra|Win32
		{8B1D0DDE-A521-4EB2-9544-F606376278CC}.Distribute_Aeldra|Win32.Build.0 = Distribute_Aeldra|Win32
		{8B1D0DDE-A521-4EB2-9544-F606376278CC}.Distribute_Aeldra|x64.ActiveCfg = Distribute_Aeldra|Win32
		{8B1D0DDE-A521-4EB2-9544-F606376278CC}.Distribute_Aeldra|x64.Build.0 = Distribute_Aeldra|Win32
		{8B1D0DDE-A521-4EB2-9544-F606376278CC}.Distribute_Elonia|Win32.ActiveCfg = Distribute_Elonia|Win32
		{8B1D0DDE-A521-4EB2-9544-F606376278CC}.Distribute_Elonia|Win32.Build.0 = Distribute_Elonia|Win32
		{8B1D0DDE-A521-4EB2-9544-F606376278CC}.Distribute_Elonia|x64.ActiveCfg = Distribute_Elonia|Win32
		{8B1D0DDE-A521-4EB2-9544-F606376278CC}.Distribute_Elonia|x64.Build.0 = Distribute_Elonia|Win32
		{8B1D0DDE-A521-4EB2-9544-F606376278CC}.DLL-Import Debug|Win32.ActiveCfg = Debug|Win32
		{8B1D0DDE-A521-4EB2-9544-F606376278CC}.DLL-Import Debug|Win32.Build.0 = Debug|Win32
		{8B1D0DDE-A521-4EB2-9544-F606376278CC}.DLL-Import Debug|x64.ActiveCfg = Debug|Win32
		{8B1D0DDE-A521-4EB2-9544-F606376278CC}.DLL-Import Release|Win32.ActiveCfg = Release|Win32
		{8B1D0DDE-A521-4EB2-9544-F606376278CC}.DLL-Import Release|Win32.Build.0 = Release|Win32
		{8B1D0DDE-A521-4EB2-9544-F606376278CC}.DLL-Import Release|x64.ActiveCfg = Release|Win32
		{8B1D0DDE-A521-4EB2-9544-F606376278CC}.MfcDebug|Win32.ActiveCfg = MfcDebug|Win32
		{8B1D0DDE-A521-4EB2-9544-F606376278CC}.MfcDebug|Win32.Build.0 = MfcDebug|Win32
		{8B1D0DDE-A521-4EB2-9544-F606376278CC}.MfcDebug|x64.ActiveCfg = MfcDebug|Win32
		{8B1D0DDE-A521-4EB2-9544-F606376278CC}.MfcRelease|Win32.ActiveCfg = MfcRelease|Win32
		{8B1D0DDE-A521-4EB2-9544-F606376278CC}.MfcRelease|Win32.Build.0 = MfcRelease|Win32
		{8B1D0DDE-A521-4EB2-9544-F606376278CC}.MfcRelease|x64.ActiveCfg = MfcRelease|Win32
		{8B1D0DDE-A521-4EB2-9544-F606376278CC}.Release|Win32.ActiveCfg = Release|Win32
		{8B1D0DDE-A521-4EB2-9544-F606376278CC}.Release|Win32.Build.0 = Release|Win32
		{8B1D0DDE-A521-4EB2-9544-F606376278CC}.Release|x64.ActiveCfg = Release|Win32
		{8B1D0DDE-A521-4EB2-9544-F606376278CC}.Release|x64.Build.0 = Release|Win32
		{0FDDD886-1EB5-4655-80C3-EF08087FAEFD}.Debug|Win32.ActiveCfg = Debug|Win32
		{0FDDD886-1EB5-4655-80C3-EF08087FAEFD}.Debug|Win32.Build.0 = Debug|Win32
		{0FDDD886-1EB5-4655-80C3-EF08087FAEFD}.Debug|x64.ActiveCfg = Debug|Win32
		{0FDDD886-1EB5-4655-80C3-EF08087FAEFD}.Distribute_Aeldra|Win32.ActiveCfg = Distribute_Aeldra|Win32
		{0FDDD886-1EB5-4655-80C3-EF08087FAEFD}.Distribute_Aeldra|Win32.Build.0 = Distribute_Aeldra|Win32
		{0FDDD886-1EB5-4655-80C3-EF08087FAEFD}.Distribute_Aeldra|x64.ActiveCfg = Distribute_Aeldra|Win32
		{0FDDD886-1EB5-4655-80C3-EF08087FAEFD}.Distribute_Aeldra|x64.Build.0 = Distribute_Aeldra|Win32
		{0FDDD886-1EB5-4655-80C3-EF08087FAEFD}.Distribute_Elonia|Win32.ActiveCfg = Distribute_Elonia|Win32
		{0FDDD886-1EB5-4655-80C3-EF08087FAEFD}.Distribute_Elonia|Win32.Build.0 = Distribute_Elonia|Win32
		{0FDDD886-1EB5-4655-80C3-EF08087FAEFD}.Distribute_Elonia|x64.ActiveCfg = Distribute_Elonia|Win32
		{0FDDD886-1EB5-4655-80C3-EF08087FAEFD}.Distribute_Elonia|x64.Build.0 = Distribute_Elonia|Win32
		{0FDDD886-1EB5-4655-80C3-EF08087FAEFD}.DLL-Import Debug|Win32.ActiveCfg = Debug|Win32
		{0FDDD886-1EB5-4655-80C3-EF08087FAEFD}.DLL-Import Debug|Win32.Build.0 = Debug|Win32
		{0FDDD886-1EB5-4655-80C3-EF08087FAEFD}.DLL-Import Debug|x64.ActiveCfg = Debug|Win32
		{0FDDD886-1EB5-4655-80C3-EF08087FAEFD}.DLL-Import Release|Win32.ActiveCfg = Release|Win32
		{0FDDD886-1EB5-4655-80C3-EF08087FAEFD}.DLL-Import Release|Win32.Build.0 = Release|Win32
		{0FDDD886-1EB5-4655-80C3-EF08087FAEFD}.DLL-Import Release|x64.ActiveCfg = Release|Win32
		{0FDDD886-1EB5-4655-80C3-EF08087FAEFD}.MfcDebug|Win32.ActiveCfg = MfcDebug|Win32
		{0FDDD886-1EB5-4655-80C3-EF08087FAEFD}.MfcDebug|Win32.Build.0 = MfcDebug|Win32
		{0FDDD886-1EB5-4655-80C3-EF08087FAEFD}.MfcDebug|x64.ActiveCfg = MfcDebug|Win32
		{0FDDD886-1EB5-4655-80C3-EF08087FAEFD}.MfcRelease|Win32.ActiveCfg = MfcRelease|Win32
		{0FDDD886-1EB5-4655-80C3-EF08087FAEFD}.MfcRelease|Win32.Build.0 = MfcRelease|Win32
		{0FDDD886-1EB5-4655-80C3-EF08087FAEFD}.MfcRelease|x64.ActiveCfg = MfcRelease|Win32
		{0FDDD886-1EB5-4655-80C3-EF08087FAEFD}.Release|Win32.ActiveCfg = Release|Win32
		{0FDDD886-1EB5-4655-80C3-EF08087FAEFD}.Release|Win32.Build.0 = Release|Win32
		{0FDDD886-1EB5-4655-80C3-EF08087FAEFD}.Release|x64.ActiveCfg = Release|Win32
		{0FDDD886-1EB5-4655-80C3-EF08087FAEFD}.Release|x64.Build.0 = Release|Win32
		{A5D7AF9F-0A4F-4ED3-B209-2553B1ADD17D}.Debug|Win32.ActiveCfg = Debug|Win32
		{A5D7AF9F-0A4F-4ED3-B209-2553B1ADD17D}.Debug|Win32.Build.0 = Debug|Win32
		{A5D7AF9F-0A4F-4ED3-B209-2553B1ADD17D}.Debug|x64.ActiveCfg = Debug|Win32
		{A5D7AF9F-0A4F-4ED3-B209-2553B1ADD17D}.Distribute_Aeldra|Win32.ActiveCfg = Distribute_Aeldra|Win32
		{A5D7AF9F-0A4F-4ED3-B209-2553B1ADD17D}.Distribute_Aeldra|Win32.Build.0 = Distribute_Aeldra|Win32
		{A5D7AF9F-0A4F-4ED3-B209-2553B1ADD17D}.Distribute_Aeldra|x64.ActiveCfg = Distribute_Aeldra|Win32
		{A5D7AF9F-0A4F-4ED3-B209-2553B1ADD17D}.Distribute_Aeldra|x64.Build.0 = Distribute_Aeldra|Win32
		{A5D7AF9F-0A4F-4ED3-B209-2553B1ADD17D}.Distribute_Elonia|Win32.ActiveCfg = Distribute_Elonia|Win32
		{A5D7AF9F-0A4F-4ED3-B209-2553B1ADD17D}.Distribute_Elonia|Win32.Build.0 = Distribute_Elonia|Win32
		{A5D7AF9F-0A4F-4ED3-B209-2553B1ADD17D}.Distribute_Elonia|x64.ActiveCfg = Distribute_Elonia|Win32
		{A5D7AF9F-0A4F-4ED3-B209-2553B1ADD17D}.Distribute_Elonia|x64.Build.0 = Distribute_Elonia|Win32
		{A5D7AF9F-0A4F-4ED3-B209-2553B1ADD17D}.DLL-Import Debug|Win32.ActiveCfg = Debug|Win32
		{A5D7AF9F-0A4F-4ED3-B209-2553B1ADD17D}.DLL-Import Debug|Win32.Build.0 = Debug|Win32
		{A5D7AF9F-0A4F-4ED3-B209-2553B1ADD17D}.DLL-Import Debug|x64.ActiveCfg = Debug|Win32
		{A5D7AF9F-0A4F-4ED3-B209-2553B1ADD17D}.DLL-Import Release|Win32.ActiveCfg = Release|Win32
		{A5D7AF9F-0A4F-4ED3-B209-2553B1ADD17D}.DLL-Import Release|Win32.Build.0 = Release|Win32
		{A5D7AF9F-0A4F-4ED3-B209-2553B1ADD17D}.DLL-Import Release|x64.ActiveCfg = Release|Win32
		{A5D7AF9F-0A4F-4ED3-B209-2553B1ADD17D}.MfcDebug|Win32.ActiveCfg = MfcDebug|Win32
		{A5D7AF9F-0A4F-4ED3-B209-2553B1ADD17D}.MfcDebug|Win32.Build.0 = MfcDebug|Win32
		{A5D7AF9F-0A4F-4ED3-B209-2553B1ADD17D}.MfcDebug|x64.ActiveCfg = MfcDebug|Win32
		{A5D7AF9F-0A4F-4ED3-B209-2553B1ADD17D}.MfcRelease|Win32.ActiveCfg = MfcRelease|Win32
		{A5D7AF9F-0A4F-4ED3-B209-2553B1ADD17D}.MfcRelease|Win32.Build.0 = MfcRelease|Win32
		{A5D7AF9F-0A4F-4ED3-B209-2553B1ADD17D}.MfcRelease|x64.ActiveCfg = MfcRelease|Win32
		{A5D7AF9F-0A4F-4ED3-B209-2553B1ADD17D}.Release|Win32.ActiveCfg = Release|Win32
		{A5D7AF9F-0A4F-4ED3-B209-2553B1ADD17D}.Release|Win32.Build.0 = Release|Win32
		{A5D7AF9F-0A4F-4ED3-B209-2553B1ADD17D}.Release|x64.ActiveCfg = Release|Win32
		{A5D7AF9F-0A4F-4ED3-B209-2553B1ADD17D}.Release|x64.Build.0 = Release|Win32
		{F6CEB04C-4403-4CD4-84A2-D6A372BD4334}.Debug|Win32.ActiveCfg = Debug|Win32
		{F6CEB04C-4403-4CD4-84A2-D6A372BD4334}.Debug|Win32.Build.0 = Debug|Win32
		{F6CEB04C-4403-4CD4-84A2-D6A372BD4334}.Debug|x64.ActiveCfg = Debug|Win32
		{F6CEB04C-4403-4CD4-84A2-D6A372BD4334}.Distribute_Aeldra|Win32.ActiveCfg = Distribute_Aeldra|Win32
		{F6CEB04C-4403-4CD4-84A2-D6A372BD4334}.Distribute_Aeldra|Win32.Build.0 = Distribute_Aeldra|Win32
		{F6CEB04C-4403-4CD4-84A2-D6A372BD4334}.Distribute_Aeldra|x64.ActiveCfg = Distribute_Aeldra|Win32
		{F6CEB04C-4403-4CD4-84A2-D6A372BD4334}.Distribute_Aeldra|x64.Build.0 = Distribute_Aeldra|Win32
		{F6CEB04C-4403-4CD4-84A2-D6A372BD4334}.Distribute_Elonia|Win32.ActiveCfg = Distribute_Elonia|Win32
		{F6CEB04C-4403-4CD4-84A2-D6A372BD4334}.Distribute_Elonia|Win32.Build.0 = Distribute_Elonia|Win32
		{F6CEB04C-4403-4CD4-84A2-D6A372BD4334}.Distribute_Elonia|x64.ActiveCfg = Distribute_Elonia|Win32
		{F6CEB04C-4403-4CD4-84A2-D6A372BD4334}.Distribute_Elonia|x64.Build.0 = Distribute_Elonia|Win32
		{F6CEB04C-4403-4CD4-84A2-D6A372BD4334}.DLL-Import Debug|Win32.ActiveCfg = Debug|Win32
		{F6CEB04C-4403-4CD4-84A2-D6A372BD4334}.DLL-Import Debug|Win32.Build.0 = Debug|Win32
		{F6CEB04C-4403-4CD4-84A2-D6A372BD4334}.DLL-Import Debug|x64.ActiveCfg = Debug|Win32
		{F6CEB04C-4403-4CD4-84A2-D6A372BD4334}.DLL-Import Release|Win32.ActiveCfg = Release|Win32
		{F6CEB04C-4403-4CD4-84A2-D6A372BD4334}.DLL-Import Release|Win32.Build.0 = Release|Win32
		{F6CEB04C-4403-4CD4-84A2-D6A372BD4334}.DLL-Import Release|x64.ActiveCfg = Release|Win32
		{F6CEB04C-4403-4CD4-84A2-D6A372BD4334}.MfcDebug|Win32.ActiveCfg = Debug|Win32
		{F6CEB04C-4403-4CD4-84A2-D6A372BD4334}.MfcDebug|Win32.Build.0 = Debug|Win32
		{F6CEB04C-4403-4CD4-84A2-D6A372BD4334}.MfcDebug|x64.ActiveCfg = Debug|Win32
		{F6CEB04C-4403-4CD4-84A2-D6A372BD4334}.MfcRelease|Win32.ActiveCfg = Release|Win32
		{F6CEB04C-4403-4CD4-84A2-D6A372BD4334}.MfcRelease|Win32.Build.0 = Release|Win32
		{F6CEB04C-4403-4CD4-84A2-D6A372BD4334}.MfcRelease|x64.ActiveCfg = Release|Win32
		{F6CEB04C-4403-4CD4-84A2-D6A372BD4334}.Release|Win32.ActiveCfg = Release|Win32
		{F6CEB04C-4403-4CD4-84A2-D6A372BD4334}.Release|Win32.Build.0 = Release|Win32
		{F6CEB04C-4403-4CD4-84A2-D6A372BD4334}.Release|x64.ActiveCfg = Release|Win32
		{F6CEB04C-4403-4CD4-84A2-D6A372BD4334}.Release|x64.Build.0 = Release|Win32
		{678C47DC-B3EF-460E-A932-56F3208FC65E}.Debug|Win32.ActiveCfg = Debug|Win32
		{678C47DC-B3EF-460E-A932-56F3208FC65E}.Debug|Win32.Build.0 = Debug|Win32
		{678C47DC-B3EF-460E-A932-56F3208FC65E}.Debug|x64.ActiveCfg = Debug|Win32
		{678C47DC-B3EF-460E-A932-56F3208FC65E}.Distribute_Aeldra|Win32.ActiveCfg = Distribute_Aeldra|Win32
		{678C47DC-B3EF-460E-A932-56F3208FC65E}.Distribute_Aeldra|Win32.Build.0 = Distribute_Aeldra|Win32
		{678C47DC-B3EF-460E-A932-56F3208FC65E}.Distribute_Aeldra|x64.ActiveCfg = Distribute_Aeldra|Win32
		{678C47DC-B3EF-460E-A932-56F3208FC65E}.Distribute_Aeldra|x64.Build.0 = Distribute_Aeldra|Win32
		{678C47DC-B3EF-460E-A932-56F3208FC65E}.Distribute_Elonia|Win32.ActiveCfg = Distribute_Elonia|Win32
		{678C47DC-B3EF-460E-A932-56F3208FC65E}.Distribute_Elonia|Win32.Build.0 = Distribute_Elonia|Win32
		{678C47DC-B3EF-460E-A932-56F3208FC65E}.Distribute_Elonia|x64.ActiveCfg = Distribute_Elonia|Win32
		{678C47DC-B3EF-460E-A932-56F3208FC65E}.Distribute_Elonia|x64.Build.0 = Distribute_Elonia|Win32
		{678C47DC-B3EF-460E-A932-56F3208FC65E}.DLL-Import Debug|Win32.ActiveCfg = Debug|Win32
		{678C47DC-B3EF-460E-A932-56F3208FC65E}.DLL-Import Debug|Win32.Build.0 = Debug|Win32
		{678C47DC-B3EF-460E-A932-56F3208FC65E}.DLL-Import Debug|x64.ActiveCfg = Debug|Win32
		{678C47DC-B3EF-460E-A932-56F3208FC65E}.DLL-Import Release|Win32.ActiveCfg = Release|Win32
		{678C47DC-B3EF-460E-A932-56F3208FC65E}.DLL-Import Release|Win32.Build.0 = Release|Win32
		{678C47DC-B3EF-460E-A932-56F3208FC65E}.DLL-Import Release|x64.ActiveCfg = Release|Win32
		{678C47DC-B3EF-460E-A932-56F3208FC65E}.MfcDebug|Win32.ActiveCfg = MfcDebug|Win32
		{678C47DC-B3EF-460E-A932-56F3208FC65E}.MfcDebug|Win32.Build.0 = MfcDebug|Win32
		{678C47DC-B3EF-460E-A932-56F3208FC65E}.MfcDebug|x64.ActiveCfg = MfcDebug|Win32
		{678C47DC-B3EF-460E-A932-56F3208FC65E}.MfcRelease|Win32.ActiveCfg = MfcRelease|Win32
		{678C47DC-B3EF-460E-A932-56F3208FC65E}.MfcRelease|Win32.Build.0 = MfcRelease|Win32
		{678C47DC-B3EF-460E-A932-56F3208FC65E}.MfcRelease|x64.ActiveCfg = MfcRelease|Win32
		{678C47DC-B3EF-460E-A932-56F3208FC65E}.Release|Win32.ActiveCfg = Release|Win32
		{678C47DC-B3EF-460E-A932-56F3208FC65E}.Release|Win32.Build.0 = Release|Win32
		{678C47DC-B3EF-460E-A932-56F3208FC65E}.Release|x64.ActiveCfg = Release|Win32
		{678C47DC-B3EF-460E-A932-56F3208FC65E}.Release|x64.Build.0 = Release|Win32
		{E1FF7630-628F-4AD0-BF66-F14D86A04035}.Debug|Win32.ActiveCfg = Debug|Win32
		{E1FF7630-628F-4AD0-BF66-F14D86A04035}.Debug|Win32.Build.0 = Debug|Win32
		{E1FF7630-628F-4AD0-BF66-F14D86A04035}.Debug|x64.ActiveCfg = Debug|Win32
		{E1FF7630-628F-4AD0-BF66-F14D86A04035}.Distribute_Aeldra|Win32.ActiveCfg = Distribute_Aeldra|Win32
		{E1FF7630-628F-4AD0-BF66-F14D86A04035}.Distribute_Aeldra|Win32.Build.0 = Distribute_Aeldra|Win32
		{E1FF7630-628F-4AD0-BF66-F14D86A04035}.Distribute_Aeldra|x64.ActiveCfg = Distribute_Aeldra|Win32
		{E1FF7630-628F-4AD0-BF66-F14D86A04035}.Distribute_Aeldra|x64.Build.0 = Distribute_Aeldra|Win32
		{E1FF7630-628F-4AD0-BF66-F14D86A04035}.Distribute_Elonia|Win32.ActiveCfg = Distribute_Elonia|Win32
		{E1FF7630-628F-4AD0-BF66-F14D86A04035}.Distribute_Elonia|Win32.Build.0 = Distribute_Elonia|Win32
		{E1FF7630-628F-4AD0-BF66-F14D86A04035}.Distribute_Elonia|x64.ActiveCfg = Distribute_Elonia|Win32
		{E1FF7630-628F-4AD0-BF66-F14D86A04035}.Distribute_Elonia|x64.Build.0 = Distribute_Elonia|Win32
		{E1FF7630-628F-4AD0-BF66-F14D86A04035}.DLL-Import Debug|Win32.ActiveCfg = Debug|Win32
		{E1FF7630-628F-4AD0-BF66-F14D86A04035}.DLL-Import Debug|Win32.Build.0 = Debug|Win32
		{E1FF7630-628F-4AD0-BF66-F14D86A04035}.DLL-Import Debug|x64.ActiveCfg = Debug|Win32
		{E1FF7630-628F-4AD0-BF66-F14D86A04035}.DLL-Import Release|Win32.ActiveCfg = Release|Win32
		{E1FF7630-628F-4AD0-BF66-F14D86A04035}.DLL-Import Release|Win32.Build.0 = Release|Win32
		{E1FF7630-628F-4AD0-BF66-F14D86A04035}.DLL-Import Release|x64.ActiveCfg = Release|Win32
		{E1FF7630-628F-4AD0-BF66-F14D86A04035}.MfcDebug|Win32.ActiveCfg = MfcDebug|Win32
		{E1FF7630-628F-4AD0-BF66-F14D86A04035}.MfcDebug|Win32.Build.0 = MfcDebug|Win32
		{E1FF7630-628F-4AD0-BF66-F14D86A04035}.MfcDebug|x64.ActiveCfg = MfcDebug|Win32
		{E1FF7630-628F-4AD0-BF66-F14D86A04035}.MfcRelease|Win32.ActiveCfg = MfcRelease|Win32
		{E1FF7630-628F-4AD0-BF66-F14D86A04035}.MfcRelease|Win32.Build.0 = MfcRelease|Win32
		{E1FF7630-628F-4AD0-BF66-F14D86A04035}.MfcRelease|x64.ActiveCfg = MfcRelease|Win32
		{E1FF7630-628F-4AD0-BF66-F14D86A04035}.Release|Win32.ActiveCfg = Release|Win32
		{E1FF7630-628F-4AD0-BF66-F14D86A04035}.Release|Win32.Build.0 = Release|Win32
		{E1FF7630-628F-4AD0-BF66-F14D86A04035}.Release|x64.ActiveCfg = Release|Win32
		{E1FF7630-628F-4AD0-BF66-F14D86A04035}.Release|x64.Build.0 = Release|Win32
		{FE95382C-8E3E-40AC-8060-634D1A0D4CF5}.Debug|Win32.ActiveCfg = Debug|Win32
		{FE95382C-8E3E-40AC-8060-634D1A0D4CF5}.Debug|Win32.Build.0 = Debug|Win32
		{FE95382C-8E3E-40AC-8060-634D1A0D4CF5}.Debug|x64.ActiveCfg = Debug|Win32
		{FE95382C-8E3E-40AC-8060-634D1A0D4CF5}.Distribute_Aeldra|Win32.ActiveCfg = Distribute_Aeldra|Win32
		{FE95382C-8E3E-40AC-8060-634D1A0D4CF5}.Distribute_Aeldra|Win32.Build.0 = Distribute_Aeldra|Win32
		{FE95382C-8E3E-40AC-8060-634D1A0D4CF5}.Distribute_Aeldra|x64.ActiveCfg = Distribute_Aeldra|Win32
		{FE95382C-8E3E-40AC-8060-634D1A0D4CF5}.Distribute_Aeldra|x64.Build.0 = Distribute_Aeldra|Win32
		{FE95382C-8E3E-40AC-8060-634D1A0D4CF5}.Distribute_Elonia|Win32.ActiveCfg = Distribute_Elonia|Win32
		{FE95382C-8E3E-40AC-8060-634D1A0D4CF5}.Distribute_Elonia|Win32.Build.0 = Distribute_Elonia|Win32
		{FE95382C-8E3E-40AC-8060-634D1A0D4CF5}.Distribute_Elonia|x64.ActiveCfg = Distribute_Elonia|Win32
		{FE95382C-8E3E-40AC-8060-634D1A0D4CF5}.Distribute_Elonia|x64.Build.0 = Distribute_Elonia|Win32
		{FE95382C-8E3E-40AC-8060-634D1A0D4CF5}.DLL-Import Debug|Win32.ActiveCfg = Debug|Win32
		{FE95382C-8E3E-40AC-8060-634D1A0D4CF5}.DLL-Import Debug|Win32.Build.0 = Debug|Win32
		{FE95382C-8E3E-40AC-8060-634D1A0D4CF5}.DLL-Import Debug|x64.ActiveCfg = Debug|Win32
		{FE95382C-8E3E-40AC-8060-634D1A0D4CF5}.DLL-Import Release|Win32.ActiveCfg = Release|Win32
		{FE95382C-8E3E-40AC-8060-634D1A0D4CF5}.DLL-Import Release|Win32.Build.0 = Release|Win32
		{FE95382C-8E3E-40AC-8060-634D1A0D4CF5}.DLL-Import Release|x64.ActiveCfg = Release|Win32
		{FE95382C-8E3E-40AC-8060-634D1A0D4CF5}.MfcDebug|Win32.ActiveCfg = MfcDebug|Win32
		{FE95382C-8E3E-40AC-8060-634D1A0D4CF5}.MfcDebug|Win32.Build.0 = MfcDebug|Win32
		{FE95382C-8E3E-40AC-8060-634D1A0D4CF5}.MfcDebug|x64.ActiveCfg = MfcDebug|Win32
		{FE95382C-8E3E-40AC-8060-634D1A0D4CF5}.MfcRelease|Win32.ActiveCfg = MfcRelease|Win32
		{FE95382C-8E3E-40AC-8060-634D1A0D4CF5}.MfcRelease|Win32.Build.0 = MfcRelease|Win32
		{FE95382C-8E3E-40AC-8060-634D1A0D4CF5}.MfcRelease|x64.ActiveCfg = MfcRelease|Win32
		{FE95382C-8E3E-40AC-8060-634D1A0D4CF5}.Release|Win32.ActiveCfg = Release|Win32
		{FE95382C-8E3E-40AC-8060-634D1A0D4CF5}.Release|Win32.Build.0 = Release|Win32
		{FE95382C-8E3E-40AC-8060-634D1A0D4CF5}.Release|x64.ActiveCfg = Release|Win32
		{FE95382C-8E3E-40AC-8060-634D1A0D4CF5}.Release|x64.Build.0 = Release|Win32
		{24516A87-8544-46A9-A0C8-0A01269642D9}.Debug|Win32.ActiveCfg = Debug|Win32
		{24516A87-8544-46A9-A0C8-0A01269642D9}.Debug|Win32.Build.0 = Debug|Win32
		{24516A87-8544-46A9-A0C8-0A01269642D9}.Debug|x64.ActiveCfg = Debug|Win32
		{24516A87-8544-46A9-A0C8-0A01269642D9}.Distribute_Aeldra|Win32.ActiveCfg = Distribute_Aeldra|Win32
		{24516A87-8544-46A9-A0C8-0A01269642D9}.Distribute_Aeldra|Win32.Build.0 = Distribute_Aeldra|Win32
		{24516A87-8544-46A9-A0C8-0A01269642D9}.Distribute_Aeldra|x64.ActiveCfg = Distribute_Aeldra|Win32
		{24516A87-8544-46A9-A0C8-0A01269642D9}.Distribute_Aeldra|x64.Build.0 = Distribute_Aeldra|Win32
		{24516A87-8544-46A9-A0C8-0A01269642D9}.Distribute_Elonia|Win32.ActiveCfg = Distribute_Elonia|Win32
		{24516A87-8544-46A9-A0C8-0A01269642D9}.Distribute_Elonia|Win32.Build.0 = Distribute_Elonia|Win32
		{24516A87-8544-46A9-A0C8-0A01269642D9}.Distribute_Elonia|x64.ActiveCfg = Distribute_Elonia|Win32
		{24516A87-8544-46A9-A0C8-0A01269642D9}.Distribute_Elonia|x64.Build.0 = Distribute_Elonia|Win32
		{24516A87-8544-46A9-A0C8-0A01269642D9}.DLL-Import Debug|Win32.ActiveCfg = Debug|Win32
		{24516A87-8544-46A9-A0C8-0A01269642D9}.DLL-Import Debug|Win32.Build.0 = Debug|Win32
		{24516A87-8544-46A9-A0C8-0A01269642D9}.DLL-Import Debug|x64.ActiveCfg = Debug|Win32
		{24516A87-8544-46A9-A0C8-0A01269642D9}.DLL-Import Release|Win32.ActiveCfg = Release|Win32
		{24516A87-8544-46A9-A0C8-0A01269642D9}.DLL-Import Release|Win32.Build.0 = Release|Win32
		{24516A87-8544-46A9-A0C8-0A01269642D9}.DLL-Import Release|x64.ActiveCfg = Release|Win32
		{24516A87-8544-46A9-A0C8-0A01269642D9}.MfcDebug|Win32.ActiveCfg = MfcDebug|Win32
		{24516A87-8544-46A9-A0C8-0A01269642D9}.MfcDebug|Win32.Build.0 = MfcDebug|Win32
		{24516A87-8544-46A9-A0C8-0A01269642D9}.MfcDebug|x64.ActiveCfg = MfcDebug|Win32
		{24516A87-8544-46A9-A0C8-0A01269642D9}.MfcRelease|Win32.ActiveCfg = MfcRelease|Win32
		{24516A87-8544-46A9-A0C8-0A01269642D9}.MfcRelease|Win32.Build.0 = MfcRelease|Win32
		{24516A87-8544-46A9-A0C8-0A01269642D9}.MfcRelease|x64.ActiveCfg = MfcRelease|Win32
		{24516A87-8544-46A9-A0C8-0A01269642D9}.Release|Win32.ActiveCfg = Release|Win32
		{24516A87-8544-46A9-A0C8-0A01269642D9}.Release|Win32.Build.0 = Release|Win32
		{24516A87-8544-46A9-A0C8-0A01269642D9}.Release|x64.ActiveCfg = Release|Win32
		{24516A87-8544-46A9-A0C8-0A01269642D9}.Release|x64.Build.0 = Release|Win32
		{887F89DF-A1A2-47DF-A869-F3FC84704E3E}.Debug|Win32.ActiveCfg = Debug|Win32
		{887F89DF-A1A2-47DF-A869-F3FC84704E3E}.Debug|Win32.Build.0 = Debug|Win32
		{887F89DF-A1A2-47DF-A869-F3FC84704E3E}.Debug|x64.ActiveCfg = Debug|Win32
		{887F89DF-A1A2-47DF-A869-F3FC84704E3E}.Distribute_Aeldra|Win32.ActiveCfg = Distribute_Aeldra|Win32
		{887F89DF-A1A2-47DF-A869-F3FC84704E3E}.Distribute_Aeldra|Win32.Build.0 = Distribute_Aeldra|Win32
		{887F89DF-A1A2-47DF-A869-F3FC84704E3E}.Distribute_Aeldra|x64.ActiveCfg = Distribute_Aeldra|Win32
		{887F89DF-A1A2-47DF-A869-F3FC84704E3E}.Distribute_Aeldra|x64.Build.0 = Distribute_Aeldra|Win32
		{887F89DF-A1A2-47DF-A869-F3FC84704E3E}.Distribute_Elonia|Win32.ActiveCfg = Distribute_Elonia|Win32
		{887F89DF-A1A2-47DF-A869-F3FC84704E3E}.Distribute_Elonia|Win32.Build.0 = Distribute_Elonia|Win32
		{887F89DF-A1A2-47DF-A869-F3FC84704E3E}.Distribute_Elonia|x64.ActiveCfg = Distribute_Elonia|Win32
		{887F89DF-A1A2-47DF-A869-F3FC84704E3E}.Distribute_Elonia|x64.Build.0 = Distribute_Elonia|Win32
		{887F89DF-A1A2-47DF-A869-F3FC84704E3E}.DLL-Import Debug|Win32.ActiveCfg = Debug|Win32
		{887F89DF-A1A2-47DF-A869-F3FC84704E3E}.DLL-Import Debug|Win32.Build.0 = Debug|Win32
		{887F89DF-A1A2-47DF-A869-F3FC84704E3E}.DLL-Import Debug|x64.ActiveCfg = Debug|Win32
		{887F89DF-A1A2-47DF-A869-F3FC84704E3E}.DLL-Import Release|Win32.ActiveCfg = Release|Win32
		{887F89DF-A1A2-47DF-A869-F3FC84704E3E}.DLL-Import Release|Win32.Build.0 = Release|Win32
		{887F89DF-A1A2-47DF-A869-F3FC84704E3E}.DLL-Import Release|x64.ActiveCfg = Release|Win32
		{887F89DF-A1A2-47DF-A869-F3FC84704E3E}.MfcDebug|Win32.ActiveCfg = MfcDebug|Win32
		{887F89DF-A1A2-47DF-A869-F3FC84704E3E}.MfcDebug|Win32.Build.0 = MfcDebug|Win32
		{887F89DF-A1A2-47DF-A869-F3FC84704E3E}.MfcDebug|x64.ActiveCfg = MfcDebug|Win32
		{887F89DF-A1A2-47DF-A869-F3FC84704E3E}.MfcRelease|Win32.ActiveCfg = MfcRelease|Win32
		{887F89DF-A1A2-47DF-A869-F3FC84704E3E}.MfcRelease|Win32.Build.0 = MfcRelease|Win32
		{887F89DF-A1A2-47DF-A869-F3FC84704E3E}.MfcRelease|x64.ActiveCfg = MfcRelease|Win32
		{887F89DF-A1A2-47DF-A869-F3FC84704E3E}.Release|Win32.ActiveCfg = Release|Win32
		{887F89DF-A1A2-47DF-A869-F3FC84704E3E}.Release|Win32.Build.0 = Release|Win32
		{887F89DF-A1A2-47DF-A869-F3FC84704E3E}.Release|x64.ActiveCfg = Release|Win32
		{887F89DF-A1A2-47DF-A869-F3FC84704E3E}.Release|x64.Build.0 = Release|Win32
		{1801F0ED-7DE6-4175-BF25-6FA98AAA350B}.Debug|Win32.ActiveCfg = Debug|Win32
		{1801F0ED-7DE6-4175-BF25-6FA98AAA350B}.Debug|Win32.Build.0 = Debug|Win32
		{1801F0ED-7DE6-4175-BF25-6FA98AAA350B}.Debug|x64.ActiveCfg = Debug|Win32
		{1801F0ED-7DE6-4175-BF25-6FA98AAA350B}.Distribute_Aeldra|Win32.ActiveCfg = Distribute_Aeldra|Win32
		{1801F0ED-7DE6-4175-BF25-6FA98AAA350B}.Distribute_Aeldra|Win32.Build.0 = Distribute_Aeldra|Win32
		{1801F0ED-7DE6-4175-BF25-6FA98AAA350B}.Distribute_Aeldra|x64.ActiveCfg = Distribute_Aeldra|Win32
		{1801F0ED-7DE6-4175-BF25-6FA98AAA350B}.Distribute_Aeldra|x64.Build.0 = Distribute_Aeldra|Win32
		{1801F0ED-7DE6-4175-BF25-6FA98AAA350B}.Distribute_Elonia|Win32.ActiveCfg = Distribute_Elonia|Win32
		{1801F0ED-7DE6-4175-BF25-6FA98AAA350B}.Distribute_Elonia|Win32.Build.0 = Distribute_Elonia|Win32
		{1801F0ED-7DE6-4175-BF25-6FA98AAA350B}.Distribute_Elonia|x64.ActiveCfg = Distribute_Elonia|Win32
		{1801F0ED-7DE6-4175-BF25-6FA98AAA350B}.Distribute_Elonia|x64.Build.0 = Distribute_Elonia|Win32
		{1801F0ED-7DE6-4175-BF25-6FA98AAA350B}.DLL-Import Debug|Win32.ActiveCfg = Debug|Win32
		{1801F0ED-7DE6-4175-BF25-6FA98AAA350B}.DLL-Import Debug|Win32.Build.0 = Debug|Win32
		{1801F0ED-7DE6-4175-BF25-6FA98AAA350B}.DLL-Import Debug|x64.ActiveCfg = Debug|Win32
		{1801F0ED-7DE6-4175-BF25-6FA98AAA350B}.DLL-Import Release|Win32.ActiveCfg = Release|Win32
		{1801F0ED-7DE6-4175-BF25-6FA98AAA350B}.DLL-Import Release|Win32.Build.0 = Release|Win32
		{1801F0ED-7DE6-4175-BF25-6FA98AAA350B}.DLL-Import Release|x64.ActiveCfg = Release|Win32
		{1801F0ED-7DE6-4175-BF25-6FA98AAA350B}.MfcDebug|Win32.ActiveCfg = MfcDebug|Win32
		{1801F0ED-7DE6-4175-BF25-6FA98AAA350B}.MfcDebug|Win32.Build.0 = MfcDebug|Win32
		{1801F0ED-7DE6-4175-BF25-6FA98AAA350B}.MfcDebug|x64.ActiveCfg = MfcDebug|Win32
		{1801F0ED-7DE6-4175-BF25-6FA98AAA350B}.MfcRelease|Win32.ActiveCfg = MfcRelease|Win32
		{1801F0ED-7DE6-4175-BF25-6FA98AAA350B}.MfcRelease|Win32.Build.0 = MfcRelease|Win32
		{1801F0ED-7DE6-4175-BF25-6FA98AAA350B}.MfcRelease|x64.ActiveCfg = MfcRelease|Win32
		{1801F0ED-7DE6-4175-BF25-6FA98AAA350B}.Release|Win32.ActiveCfg = Release|Win32
		{1801F0ED-7DE6-4175-BF25-6FA98AAA350B}.Release|Win32.Build.0 = Release|Win32
		{1801F0ED-7DE6-4175-BF25-6FA98AAA350B}.Release|x64.ActiveCfg = Release|Win32
		{1801F0ED-7DE6-4175-BF25-6FA98AAA350B}.Release|x64.Build.0 = Release|Win32
		{9189BA90-1997-4B47-A673-A54C7DF4A4F7}.Debug|Win32.ActiveCfg = Debug|Win32
		{9189BA90-1997-4B47-A673-A54C7DF4A4F7}.Debug|Win32.Build.0 = Debug|Win32
		{9189BA90-1997-4B47-A673-A54C7DF4A4F7}.Debug|x64.ActiveCfg = Debug|Win32
		{9189BA90-1997-4B47-A673-A54C7DF4A4F7}.Distribute_Aeldra|Win32.ActiveCfg = Distribute_Aeldra|Win32
		{9189BA90-1997-4B47-A673-A54C7DF4A4F7}.Distribute_Aeldra|Win32.Build.0 = Distribute_Aeldra|Win32
		{9189BA90-1997-4B47-A673-A54C7DF4A4F7}.Distribute_Aeldra|x64.ActiveCfg = Distribute_Aeldra|Win32
		{9189BA90-1997-4B47-A673-A54C7DF4A4F7}.Distribute_Aeldra|x64.Build.0 = Distribute_Aeldra|Win32
		{9189BA90-1997-4B47-A673-A54C7DF4A4F7}.Distribute_Elonia|Win32.ActiveCfg = Distribute_Elonia|Win32
		{9189BA90-1997-4B47-A673-A54C7DF4A4F7}.Distribute_Elonia|Win32.Build.0 = Distribute_Elonia|Win32
		{9189BA90-1997-4B47-A673-A54C7DF4A4F7}.Distribute_Elonia|x64.ActiveCfg = Distribute_Elonia|Win32
		{9189BA90-1997-4B47-A673-A54C7DF4A4F7}.Distribute_Elonia|x64.Build.0 = Distribute_Elonia|Win32
		{9189BA90-1997-4B47-A673-A54C7DF4A4F7}.DLL-Import Debug|Win32.ActiveCfg = Debug|Win32
		{9189BA90-1997-4B47-A673-A54C7DF4A4F7}.DLL-Import Debug|Win32.Build.0 = Debug|Win32
		{9189BA90-1997-4B47-A673-A54C7DF4A4F7}.DLL-Import Debug|x64.ActiveCfg = Debug|Win32
		{9189BA90-1997-4B47-A673-A54C7DF4A4F7}.DLL-Import Release|Win32.ActiveCfg = Release|Win32
		{9189BA90-1997-4B47-A673-A54C7DF4A4F7}.DLL-Import Release|Win32.Build.0 = Release|Win32
		{9189BA90-1997-4B47-A673-A54C7DF4A4F7}.DLL-Import Release|x64.ActiveCfg = Release|Win32
		{9189BA90-1997-4B47-A673-A54C7DF4A4F7}.MfcDebug|Win32.ActiveCfg = MfcDebug|Win32
		{9189BA90-1997-4B47-A673-A54C7DF4A4F7}.MfcDebug|Win32.Build.0 = MfcDebug|Win32
		{9189BA90-1997-4B47-A673-A54C7DF4A4F7}.MfcDebug|x64.ActiveCfg = MfcDebug|Win32
		{9189BA90-1997-4B47-A673-A54C7DF4A4F7}.MfcRelease|Win32.ActiveCfg = MfcRelease|Win32
		{9189BA90-1997-4B47-A673-A54C7DF4A4F7}.MfcRelease|Win32.Build.0 = MfcRelease|Win32
		{9189BA90-1997-4B47-A673-A54C7DF4A4F7}.MfcRelease|x64.ActiveCfg = MfcRelease|Win32
		{9189BA90-1997-4B47-A673-A54C7DF4A4F7}.Release|Win32.ActiveCfg = Release|Win32
		{9189BA90-1997-4B47-A673-A54C7DF4A4F7}.Release|Win32.Build.0 = Release|Win32
		{9189BA90-1997-4B47-A673-A54C7DF4A4F7}.Release|x64.ActiveCfg = Release|Win32
		{9189BA90-1997-4B47-A673-A54C7DF4A4F7}.Release|x64.Build.0 = Release|Win32
		{E682CEA2-1D79-4DE9-A2CE-6AED27E4170E}.Debug|Win32.ActiveCfg = Debug|Win32
		{E682CEA2-1D79-4DE9-A2CE-6AED27E4170E}.Debug|Win32.Build.0 = Debug|Win32
		{E682CEA2-1D79-4DE9-A2CE-6AED27E4170E}.Debug|x64.ActiveCfg = Debug|Win32
		{E682CEA2-1D79-4DE9-A2CE-6AED27E4170E}.Distribute_Aeldra|Win32.ActiveCfg = Distribute_Aeldra|Win32
		{E682CEA2-1D79-4DE9-A2CE-6AED27E4170E}.Distribute_Aeldra|Win32.Build.0 = Distribute_Aeldra|Win32
		{E682CEA2-1D79-4DE9-A2CE-6AED27E4170E}.Distribute_Aeldra|x64.ActiveCfg = Distribute_Aeldra|Win32
		{E682CEA2-1D79-4DE9-A2CE-6AED27E4170E}.Distribute_Aeldra|x64.Build.0 = Distribute_Aeldra|Win32
		{E682CEA2-1D79-4DE9-A2CE-6AED27E4170E}.Distribute_Elonia|Win32.ActiveCfg = Distribute_Elonia|Win32
		{E682CEA2-1D79-4DE9-A2CE-6AED27E4170E}.Distribute_Elonia|Win32.Build.0 = Distribute_Elonia|Win32
		{E682CEA2-1D79-4DE9-A2CE-6AED27E4170E}.Distribute_Elonia|x64.ActiveCfg = Distribute_Elonia|Win32
		{E682CEA2-1D79-4DE9-A2CE-6AED27E4170E}.Distribute_Elonia|x64.Build.0 = Distribute_Elonia|Win32
		{E682CEA2-1D79-4DE9-A2CE-6AED27E4170E}.DLL-Import Debug|Win32.ActiveCfg = Debug|Win32
		{E682CEA2-1D79-4DE9-A2CE-6AED27E4170E}.DLL-Import Debug|Win32.Build.0 = Debug|Win32
		{E682CEA2-1D79-4DE9-A2CE-6AED27E4170E}.DLL-Import Debug|x64.ActiveCfg = Debug|Win32
		{E682CEA2-1D79-4DE9-A2CE-6AED27E4170E}.DLL-Import Release|Win32.ActiveCfg = Release|Win32
		{E682CEA2-1D79-4DE9-A2CE-6AED27E4170E}.DLL-Import Release|Win32.Build.0 = Release|Win32
		{E682CEA2-1D79-4DE9-A2CE-6AED27E4170E}.DLL-Import Release|x64.ActiveCfg = Release|Win32
		{E682CEA2-1D79-4DE9-A2CE-6AED27E4170E}.MfcDebug|Win32.ActiveCfg = MfcDebug|Win32
		{E682CEA2-1D79-4DE9-A2CE-6AED27E4170E}.MfcDebug|Win32.Build.0 = MfcDebug|Win32
		{E682CEA2-1D79-4DE9-A2CE-6AED27E4170E}.MfcDebug|x64.ActiveCfg = MfcDebug|Win32
		{E682CEA2-1D79-4DE9-A2CE-6AED27E4170E}.MfcRelease|Win32.ActiveCfg = MfcRelease|Win32
		{E682CEA2-1D79-4DE9-A2CE-6AED27E4170E}.MfcRelease|Win32.Build.0 = MfcRelease|Win32
		{E682CEA2-1D79-4DE9-A2CE-6AED27E4170E}.MfcRelease|x64.ActiveCfg = MfcRelease|Win32
		{E682CEA2-1D79-4DE9-A2CE-6AED27E4170E}.Release|Win32.ActiveCfg = Release|Win32
		{E682CEA2-1D79-4DE9-A2CE-6AED27E4170E}.Release|Win32.Build.0 = Release|Win32
		{E682CEA2-1D79-4DE9-A2CE-6AED27E4170E}.Release|x64.ActiveCfg = Release|Win32
		{E682CEA2-1D79-4DE9-A2CE-6AED27E4170E}.Release|x64.Build.0 = Release|Win32
		{05207E97-C83A-49C6-8E08-403679963A7B}.Debug|Win32.ActiveCfg = Debug|Win32
		{05207E97-C83A-49C6-8E08-403679963A7B}.Debug|Win32.Build.0 = Debug|Win32
		{05207E97-C83A-49C6-8E08-403679963A7B}.Debug|x64.ActiveCfg = Debug|Win32
		{05207E97-C83A-49C6-8E08-403679963A7B}.Distribute_Aeldra|Win32.ActiveCfg = Distribute_Aeldra|Win32
		{05207E97-C83A-49C6-8E08-403679963A7B}.Distribute_Aeldra|Win32.Build.0 = Distribute_Aeldra|Win32
		{05207E97-C83A-49C6-8E08-403679963A7B}.Distribute_Aeldra|x64.ActiveCfg = Distribute_Aeldra|Win32
		{05207E97-C83A-49C6-8E08-403679963A7B}.Distribute_Aeldra|x64.Build.0 = Distribute_Aeldra|Win32
		{05207E97-C83A-49C6-8E08-403679963A7B}.Distribute_Elonia|Win32.ActiveCfg = Distribute_Elonia|Win32
		{05207E97-C83A-49C6-8E08-403679963A7B}.Distribute_Elonia|Win32.Build.0 = Distribute_Elonia|Win32
		{05207E97-C83A-49C6-8E08-403679963A7B}.Distribute_Elonia|x64.ActiveCfg = Distribute_Elonia|Win32
		{05207E97-C83A-49C6-8E08-403679963A7B}.Distribute_Elonia|x64.Build.0 = Distribute_Elonia|Win32
		{05207E97-C83A-49C6-8E08-403679963A7B}.DLL-Import Debug|Win32.ActiveCfg = Debug|Win32
		{05207E97-C83A-49C6-8E08-403679963A7B}.DLL-Import Debug|Win32.Build.0 = Debug|Win32
		{05207E97-C83A-49C6-8E08-403679963A7B}.DLL-Import Debug|x64.ActiveCfg = Debug|Win32
		{05207E97-C83A-49C6-8E08-403679963A7B}.DLL-Import Release|Win32.ActiveCfg = Release|Win32
		{05207E97-C83A-49C6-8E08-403679963A7B}.DLL-Import Release|Win32.Build.0 = Release|Win32
		{05207E97-C83A-49C6-8E08-403679963A7B}.DLL-Import Release|x64.ActiveCfg = Release|Win32
		{05207E97-C83A-49C6-8E08-403679963A7B}.MfcDebug|Win32.ActiveCfg = MfcDebug|Win32
		{05207E97-C83A-49C6-8E08-403679963A7B}.MfcDebug|Win32.Build.0 = MfcDebug|Win32
		{05207E97-C83A-49C6-8E08-403679963A7B}.MfcDebug|x64.ActiveCfg = MfcDebug|Win32
		{05207E97-C83A-49C6-8E08-403679963A7B}.MfcRelease|Win32.ActiveCfg = MfcRelease|Win32
		{05207E97-C83A-49C6-8E08-403679963A7B}.MfcRelease|Win32.Build.0 = MfcRelease|Win32
		{05207E97-C83A-49C6-8E08-403679963A7B}.MfcRelease|x64.ActiveCfg = MfcRelease|Win32
		{05207E97-C83A-49C6-8E08-403679963A7B}.Release|Win32.ActiveCfg = Release|Win32
		{05207E97-C83A-49C6-8E08-403679963A7B}.Release|Win32.Build.0 = Release|Win32
		{05207E97-C83A-49C6-8E08-403679963A7B}.Release|x64.ActiveCfg = Release|Win32
		{05207E97-C83A-49C6-8E08-403679963A7B}.Release|x64.Build.0 = Release|Win32
	EndGlobalSection
	GlobalSection(SolutionProperties) = preSolution
		HideSolutionNode = FALSE
	EndGlobalSection
	GlobalSection(NestedProjects) = preSolution
		{37CC303C-D10C-4290-B9A3-A759D1974699} = {514DD06B-F32B-45A4-A1CC-56BC722AEE8F}
	EndGlobalSection
	GlobalSection(ExtensibilityGlobals) = postSolution
		SolutionGuid = {58931C47-F597-4DF1-8905-4D97EFFEC92E}
	EndGlobalSection
EndGlobal
