<?xml version="1.0" encoding="utf-8"?>
<Project ToolsVersion="4.0" xmlns="http://schemas.microsoft.com/developer/msbuild/2003">
  <ItemGroup>
    <ClCompile Include="cipher.cpp" />
    <ClCompile Include="CPostIt.cpp" />
    <ClCompile Include="CRC32.cpp" />
    <ClCompile Include="Debug.cpp" />
    <ClCompile Include="error.cpp" />
    <ClCompile Include="FileBase.cpp" />
    <ClCompile Include="FileDir.cpp" />
    <ClCompile Include="FileLoader.cpp" />
    <ClCompile Include="lzo.cpp" />
    <ClCompile Include="MappedFile.cpp" />
    <ClCompile Include="Memory.cpp" />
    <ClCompile Include="Random.cpp" />
    <ClCompile Include="StdAfx.cpp" />
    <ClCompile Include="Stl.cpp" />
    <ClCompile Include="tea.cpp" />
    <ClCompile Include="TempFile.cpp" />
    <ClCompile Include="Timer.cpp" />
    <ClCompile Include="Utils.cpp" />
    <ClCompile Include="Poly\Base.cpp">
      <Filter>Poly</Filter>
    </ClCompile>
    <ClCompile Include="Poly\Poly.cpp">
      <Filter>Poly</Filter>
    </ClCompile>
    <ClCompile Include="Poly\Symbol.cpp">
      <Filter>Poly</Filter>
    </ClCompile>
    <ClCompile Include="Poly\SymTable.cpp">
      <Filter>Poly</Filter>
    </ClCompile>
  </ItemGroup>
  <ItemGroup>
    <ClInclude Include="cipher.h" />
    <ClInclude Include="CPostIt.h" />
    <ClInclude Include="CRC32.h" />
    <ClInclude Include="Debug.h" />
    <ClInclude Include="error.h" />
    <ClInclude Include="FileBase.h" />
    <ClInclude Include="FileDir.h" />
    <ClInclude Include="FileLoader.h" />
    <ClInclude Include="Filename.h" />
    <ClInclude Include="lzo.h" />
    <ClInclude Include="MappedFile.h" />
    <ClInclude Include="Memory.h" />
    <ClInclude Include="Random.h" />
    <ClInclude Include="ServiceDefs.h" />
    <ClInclude Include="Singleton.h" />
    <ClInclude Include="StdAfx.h" />
    <ClInclude Include="Stl.h" />
    <ClInclude Include="tea.h" />
    <ClInclude Include="TempFile.h" />
    <ClInclude Include="Timer.h" />
    <ClInclude Include="Utils.h" />
    <ClInclude Include="vk.h" />
    <ClInclude Include="Poly\Base.h">
      <Filter>Poly</Filter>
    </ClInclude>
    <ClInclude Include="Poly\Poly.h">
      <Filter>Poly</Filter>
    </ClInclude>
    <ClInclude Include="Poly\Symbol.h">
      <Filter>Poly</Filter>
    </ClInclude>
    <ClInclude Include="Poly\SymTable.h">
      <Filter>Poly</Filter>
    </ClInclude>
  </ItemGroup>
  <ItemGroup>
    <Filter Include="Poly">
      <UniqueIdentifier>{d6773dae-5d38-415f-a6fe-74c17a457a0b}</UniqueIdentifier>
    </Filter>
  </ItemGroup>
</Project>